
Microsoft Visual Studio Solution File, Format Version 12.00
# Visual Studio Version 16
VisualStudioVersion = 16.0.28701.123
MinimumVisualStudioVersion = 10.0.40219.1
Project("{8BC9CEB8-8B4A-11D0-8D11-00A0C91BC942}") = "LearnOpenGL", "LearnOpenGL\LearnOpenGL.vcxproj", "{EE848294-F1A4-4F3D-9D15-679C85CE1DBB}"
EndProject
Project("{8BC9CEB8-8B4A-11D0-8D11-00A0C91BC942}") = "LearningNote001(Create A Window)", "LearningNote001\LearningNote001.vcxproj", "{3C4D430F-19D6-4C7A-B249-F312DA1A4B91}"
EndProject
Project("{8BC9CEB8-8B4A-11D0-8D11-00A0C91BC942}") = "LearningNote002(Hello, Triangle)", "LearningNote002\LearningNote002.vcxproj", "{58554800-0CFD-4F3C-9E00-006E82D33066}"
EndProject
Project("{8BC9CEB8-8B4A-11D0-8D11-00A0C91BC942}") = "LearningNote003(Texture)", "LearningNote003\LearningNote003.vcxproj", "{BF7850B8-4F85-4F0B-BF08-2369EF974F6C}"
EndProject
Project("{8BC9CEB8-8B4A-11D0-8D11-00A0C91BC942}") = "LearningNote004(Camera)", "LearningNote004\LearningNote004.vcxproj", "{10265E73-3942-470D-9F08-61D7113723FD}"
EndProject
Project("{8BC9CEB8-8B4A-11D0-8D11-00A0C91BC942}") = "LearningNote005(Light_PongLightModel)", "LearningNote005\LearningNote005.vcxproj", "{6209E5D5-656A-441C-BAE4-28B2FC89085B}"
EndProject
Project("{8BC9CEB8-8B4A-11D0-8D11-00A0C91BC942}") = "LearningNote006(Light_Material+LightingMap)", "LearningNote006\LearningNote006.vcxproj", "{E23A76FD-33D4-4CCD-A825-23E98284B9F0}"
EndProject
Project("{8BC9CEB8-8B4A-11D0-8D11-00A0C91BC942}") = "LearningNote007(Light_LightAttenuation)", "LearningNote007\LearningNote007.vcxproj", "{66BF4C13-4AE1-4CB2-9921-02C92D1F1D79}"
EndProject
Project("{8BC9CEB8-8B4A-11D0-8D11-00A0C91BC942}") = "LearningNote008(Light_SpotLight)", "LearningNote008\LearningNote008.vcxproj", "{F8902DAB-41CF-45F4-93FF-11278F324F4B}"
EndProject
Project("{8BC9CEB8-8B4A-11D0-8D11-00A0C91BC942}") = "LearningNote009(Light_MultipleLights)", "LearningNote009\LearningNote009.vcxproj", "{8DE28A25-A47A-4DF6-A4F5-795A78114B3D}"
EndProject
Project("{8BC9CEB8-8B4A-11D0-8D11-00A0C91BC942}") = "LearningNote010(Model)", "LearningNote010\LearningNote010.vcxproj", "{DA54859B-5401-45B7-A31A-7FE2DF1E890B}"
EndProject
Project("{8BC9CEB8-8B4A-11D0-8D11-00A0C91BC942}") = "LearningNote011(AdvancedOpenGL_StencilTest)", "LearningNote011\LearningNote011.vcxproj", "{4DBAE745-130B-4EC1-B25B-D4ED62F9D70B}"
EndProject
Project("{8BC9CEB8-8B4A-11D0-8D11-00A0C91BC942}") = "LearningNote012(AdvancedOpenGL_Blending+FaceCulling)", "LearningNote012\LearningNote012.vcxproj", "{D6F89F4F-3206-4800-B37F-14E8C6AB0B42}"
EndProject
Project("{8BC9CEB8-8B4A-11D0-8D11-00A0C91BC942}") = "LearningNote013(AdvancedOpenGL_FBO)", "LearningNote013\LearningNote013.vcxproj", "{51A41874-85F2-4C08-A6A7-B24120B5830E}"
EndProject
Project("{8BC9CEB8-8B4A-11D0-8D11-00A0C91BC942}") = "LearningNote014(AdvancedOpenGL_CubeMap+EnvironmentMapping)", "LearningNote014\LearningNote014.vcxproj", "{968AC52B-7F15-44F2-8842-BE087E306C08}"
EndProject
Project("{8BC9CEB8-8B4A-11D0-8D11-00A0C91BC942}") = "LearningNote015(AdvancedOpenGL_UniformBufferObject)", "LearningNote015\LearningNote015.vcxproj", "{B6E6B81F-0886-4B45-B86C-E6A344CD52D4}"
EndProject
Project("{8BC9CEB8-8B4A-11D0-8D11-00A0C91BC942}") = "LearningNote016(AdvancedOpenGL_GeometryShader)", "LearningNote016\LearningNote016.vcxproj", "{234013F0-10DC-4AAA-A177-D797895CA239}"
EndProject
Project("{8BC9CEB8-8B4A-11D0-8D11-00A0C91BC942}") = "LearningNote017(AdvancedOpenGL_Instancing)", "LearningNote017\LearningNote017.vcxproj", "{3A92E0E4-4389-440F-A0F8-49295F995274}"
EndProject
Project("{8BC9CEB8-8B4A-11D0-8D11-00A0C91BC942}") = "LearningNote018(AdvancedOpenGL_AntiAliasing)", "LearningNote018\LearningNote018.vcxproj", "{E367B4D6-9740-4A2F-B4BB-AA8E1E77DF19}"
EndProject
Project("{8BC9CEB8-8B4A-11D0-8D11-00A0C91BC942}") = "LearningNote019(AdvancedLighting_Blinn-Phong)", "LearningNote019\LearningNote019.vcxproj", "{1970DAF6-7171-475A-887F-085F5D3F0387}"
EndProject
Project("{8BC9CEB8-8B4A-11D0-8D11-00A0C91BC942}") = "LearningNote020(AdvancedLighting_ShadowMapping)", "LearningNote020\LearningNote020.vcxproj", "{73D70DA1-26B0-4484-940C-F7119AE7B9D6}"
EndProject
Project("{8BC9CEB8-8B4A-11D0-8D11-00A0C91BC942}") = "OpenGLKernel", "OpenGLKernel\OpenGLKernel.vcxproj", "{6887B1A0-C912-4B80-81D0-630EB9366FF7}"
EndProject
Project("{2150E333-8FDC-42A3-9474-1A3956D46DE8}") = "LearningNotes", "LearningNotes", "{D5A7C5E0-5E43-4D89-9EE9-F58233C67784}"
EndProject
Project("{2150E333-8FDC-42A3-9474-1A3956D46DE8}") = "UnitTests", "UnitTests", "{F49AAA57-FAB9-4F51-9543-81DB3F141576}"
EndProject
Project("{8BC9CEB8-8B4A-11D0-8D11-00A0C91BC942}") = "Sample-Test001", "Sample-Test001\Sample-Test001.vcxproj", "{BB231D99-6EB1-4CA0-99CA-ED016F6DD969}"
EndProject
Project("{8BC9CEB8-8B4A-11D0-8D11-00A0C91BC942}") = "TestCase001(triangle)", "TestCase001\TestCase001.vcxproj", "{8A895C4F-A0E9-4C7B-9D78-872728BB00FD}"
	ProjectSection(ProjectDependencies) = postProject
		{6887B1A0-C912-4B80-81D0-630EB9366FF7} = {6887B1A0-C912-4B80-81D0-630EB9366FF7}
	EndProjectSection
EndProject
Project("{8BC9CEB8-8B4A-11D0-8D11-00A0C91BC942}") = "TestCase002(Camera)", "TestCase002\TestCase002.vcxproj", "{9D1FB64C-73DA-43DD-B2E6-30D2E67418C4}"
	ProjectSection(ProjectDependencies) = postProject
		{6887B1A0-C912-4B80-81D0-630EB9366FF7} = {6887B1A0-C912-4B80-81D0-630EB9366FF7}
	EndProjectSection
EndProject
Project("{8BC9CEB8-8B4A-11D0-8D11-00A0C91BC942}") = "TestCase003(Texture)", "TestCase003\TestCase003.vcxproj", "{67A6BB7E-6028-4E49-8F56-B2099770E5A3}"
	ProjectSection(ProjectDependencies) = postProject
		{6887B1A0-C912-4B80-81D0-630EB9366FF7} = {6887B1A0-C912-4B80-81D0-630EB9366FF7}
	EndProjectSection
EndProject
Project("{8BC9CEB8-8B4A-11D0-8D11-00A0C91BC942}") = "TestCase004(Texture+Camera)", "TestCase004\TestCase004.vcxproj", "{B5F2A79C-3641-4D3E-9400-8004A9A2D98E}"
	ProjectSection(ProjectDependencies) = postProject
		{6887B1A0-C912-4B80-81D0-630EB9366FF7} = {6887B1A0-C912-4B80-81D0-630EB9366FF7}
	EndProjectSection
EndProject
Project("{8BC9CEB8-8B4A-11D0-8D11-00A0C91BC942}") = "TestCase005(Model)", "TestCase005\TestCase005.vcxproj", "{983F750D-5A36-4E33-924E-2FA9399A7687}"
	ProjectSection(ProjectDependencies) = postProject
		{6887B1A0-C912-4B80-81D0-630EB9366FF7} = {6887B1A0-C912-4B80-81D0-630EB9366FF7}
	EndProjectSection
EndProject
Project("{8BC9CEB8-8B4A-11D0-8D11-00A0C91BC942}") = "TestCase006(Light_Phong+SimpleGUI)", "TestCase006\TestCase006.vcxproj", "{E984F493-2F31-4D9C-A12F-8F3B933A8E79}"
	ProjectSection(ProjectDependencies) = postProject
		{6887B1A0-C912-4B80-81D0-630EB9366FF7} = {6887B1A0-C912-4B80-81D0-630EB9366FF7}
	EndProjectSection
EndProject
Project("{8BC9CEB8-8B4A-11D0-8D11-00A0C91BC942}") = "TestCase007(Light_PBR)", "TestCase007\TestCase007.vcxproj", "{258C3DA3-A47E-4FCC-B593-AA34060DD58E}"
EndProject
Project("{2150E333-8FDC-42A3-9474-1A3956D46DE8}") = "TestCasesForOpenGLKernel", "TestCasesForOpenGLKernel", "{774BAEAF-14F2-4D11-A824-AAF6A62DEF94}"
EndProject
Project("{2150E333-8FDC-42A3-9474-1A3956D46DE8}") = "Projections", "Projections", "{006BC538-1869-40A3-8FD3-A84CFFC06ACB}"
EndProject
Global
	GlobalSection(SolutionConfigurationPlatforms) = preSolution
		Debug|x64 = Debug|x64
		Debug|x86 = Debug|x86
		Release|x64 = Release|x64
		Release|x86 = Release|x86
	EndGlobalSection
	GlobalSection(ProjectConfigurationPlatforms) = postSolution
		{EE848294-F1A4-4F3D-9D15-679C85CE1DBB}.Debug|x64.ActiveCfg = Debug|x64
		{EE848294-F1A4-4F3D-9D15-679C85CE1DBB}.Debug|x64.Build.0 = Debug|x64
		{EE848294-F1A4-4F3D-9D15-679C85CE1DBB}.Debug|x86.ActiveCfg = Debug|Win32
		{EE848294-F1A4-4F3D-9D15-679C85CE1DBB}.Debug|x86.Build.0 = Debug|Win32
		{EE848294-F1A4-4F3D-9D15-679C85CE1DBB}.Release|x64.ActiveCfg = Release|x64
		{EE848294-F1A4-4F3D-9D15-679C85CE1DBB}.Release|x64.Build.0 = Release|x64
		{EE848294-F1A4-4F3D-9D15-679C85CE1DBB}.Release|x86.ActiveCfg = Release|Win32
		{EE848294-F1A4-4F3D-9D15-679C85CE1DBB}.Release|x86.Build.0 = Release|Win32
		{3C4D430F-19D6-4C7A-B249-F312DA1A4B91}.Debug|x64.ActiveCfg = Debug|x64
		{3C4D430F-19D6-4C7A-B249-F312DA1A4B91}.Debug|x64.Build.0 = Debug|x64
		{3C4D430F-19D6-4C7A-B249-F312DA1A4B91}.Debug|x86.ActiveCfg = Debug|Win32
		{3C4D430F-19D6-4C7A-B249-F312DA1A4B91}.Debug|x86.Build.0 = Debug|Win32
		{3C4D430F-19D6-4C7A-B249-F312DA1A4B91}.Release|x64.ActiveCfg = Release|x64
		{3C4D430F-19D6-4C7A-B249-F312DA1A4B91}.Release|x64.Build.0 = Release|x64
		{3C4D430F-19D6-4C7A-B249-F312DA1A4B91}.Release|x86.ActiveCfg = Release|Win32
		{3C4D430F-19D6-4C7A-B249-F312DA1A4B91}.Release|x86.Build.0 = Release|Win32
		{58554800-0CFD-4F3C-9E00-006E82D33066}.Debug|x64.ActiveCfg = Debug|x64
		{58554800-0CFD-4F3C-9E00-006E82D33066}.Debug|x64.Build.0 = Debug|x64
		{58554800-0CFD-4F3C-9E00-006E82D33066}.Debug|x86.ActiveCfg = Debug|Win32
		{58554800-0CFD-4F3C-9E00-006E82D33066}.Debug|x86.Build.0 = Debug|Win32
		{58554800-0CFD-4F3C-9E00-006E82D33066}.Release|x64.ActiveCfg = Release|x64
		{58554800-0CFD-4F3C-9E00-006E82D33066}.Release|x64.Build.0 = Release|x64
		{58554800-0CFD-4F3C-9E00-006E82D33066}.Release|x86.ActiveCfg = Release|Win32
		{58554800-0CFD-4F3C-9E00-006E82D33066}.Release|x86.Build.0 = Release|Win32
		{BF7850B8-4F85-4F0B-BF08-2369EF974F6C}.Debug|x64.ActiveCfg = Debug|x64
		{BF7850B8-4F85-4F0B-BF08-2369EF974F6C}.Debug|x64.Build.0 = Debug|x64
		{BF7850B8-4F85-4F0B-BF08-2369EF974F6C}.Debug|x86.ActiveCfg = Debug|Win32
		{BF7850B8-4F85-4F0B-BF08-2369EF974F6C}.Debug|x86.Build.0 = Debug|Win32
		{BF7850B8-4F85-4F0B-BF08-2369EF974F6C}.Release|x64.ActiveCfg = Release|x64
		{BF7850B8-4F85-4F0B-BF08-2369EF974F6C}.Release|x64.Build.0 = Release|x64
		{BF7850B8-4F85-4F0B-BF08-2369EF974F6C}.Release|x86.ActiveCfg = Release|Win32
		{BF7850B8-4F85-4F0B-BF08-2369EF974F6C}.Release|x86.Build.0 = Release|Win32
		{10265E73-3942-470D-9F08-61D7113723FD}.Debug|x64.ActiveCfg = Debug|x64
		{10265E73-3942-470D-9F08-61D7113723FD}.Debug|x64.Build.0 = Debug|x64
		{10265E73-3942-470D-9F08-61D7113723FD}.Debug|x86.ActiveCfg = Debug|Win32
		{10265E73-3942-470D-9F08-61D7113723FD}.Debug|x86.Build.0 = Debug|Win32
		{10265E73-3942-470D-9F08-61D7113723FD}.Release|x64.ActiveCfg = Release|x64
		{10265E73-3942-470D-9F08-61D7113723FD}.Release|x64.Build.0 = Release|x64
		{10265E73-3942-470D-9F08-61D7113723FD}.Release|x86.ActiveCfg = Release|Win32
		{10265E73-3942-470D-9F08-61D7113723FD}.Release|x86.Build.0 = Release|Win32
		{6209E5D5-656A-441C-BAE4-28B2FC89085B}.Debug|x64.ActiveCfg = Debug|x64
		{6209E5D5-656A-441C-BAE4-28B2FC89085B}.Debug|x64.Build.0 = Debug|x64
		{6209E5D5-656A-441C-BAE4-28B2FC89085B}.Debug|x86.ActiveCfg = Debug|Win32
		{6209E5D5-656A-441C-BAE4-28B2FC89085B}.Debug|x86.Build.0 = Debug|Win32
		{6209E5D5-656A-441C-BAE4-28B2FC89085B}.Release|x64.ActiveCfg = Release|x64
		{6209E5D5-656A-441C-BAE4-28B2FC89085B}.Release|x64.Build.0 = Release|x64
		{6209E5D5-656A-441C-BAE4-28B2FC89085B}.Release|x86.ActiveCfg = Release|Win32
		{6209E5D5-656A-441C-BAE4-28B2FC89085B}.Release|x86.Build.0 = Release|Win32
		{E23A76FD-33D4-4CCD-A825-23E98284B9F0}.Debug|x64.ActiveCfg = Debug|x64
		{E23A76FD-33D4-4CCD-A825-23E98284B9F0}.Debug|x64.Build.0 = Debug|x64
		{E23A76FD-33D4-4CCD-A825-23E98284B9F0}.Debug|x86.ActiveCfg = Debug|Win32
		{E23A76FD-33D4-4CCD-A825-23E98284B9F0}.Debug|x86.Build.0 = Debug|Win32
		{E23A76FD-33D4-4CCD-A825-23E98284B9F0}.Release|x64.ActiveCfg = Release|x64
		{E23A76FD-33D4-4CCD-A825-23E98284B9F0}.Release|x64.Build.0 = Release|x64
		{E23A76FD-33D4-4CCD-A825-23E98284B9F0}.Release|x86.ActiveCfg = Release|Win32
		{E23A76FD-33D4-4CCD-A825-23E98284B9F0}.Release|x86.Build.0 = Release|Win32
		{66BF4C13-4AE1-4CB2-9921-02C92D1F1D79}.Debug|x64.ActiveCfg = Debug|x64
		{66BF4C13-4AE1-4CB2-9921-02C92D1F1D79}.Debug|x64.Build.0 = Debug|x64
		{66BF4C13-4AE1-4CB2-9921-02C92D1F1D79}.Debug|x86.ActiveCfg = Debug|Win32
		{66BF4C13-4AE1-4CB2-9921-02C92D1F1D79}.Debug|x86.Build.0 = Debug|Win32
		{66BF4C13-4AE1-4CB2-9921-02C92D1F1D79}.Release|x64.ActiveCfg = Release|x64
		{66BF4C13-4AE1-4CB2-9921-02C92D1F1D79}.Release|x64.Build.0 = Release|x64
		{66BF4C13-4AE1-4CB2-9921-02C92D1F1D79}.Release|x86.ActiveCfg = Release|Win32
		{66BF4C13-4AE1-4CB2-9921-02C92D1F1D79}.Release|x86.Build.0 = Release|Win32
		{F8902DAB-41CF-45F4-93FF-11278F324F4B}.Debug|x64.ActiveCfg = Debug|x64
		{F8902DAB-41CF-45F4-93FF-11278F324F4B}.Debug|x64.Build.0 = Debug|x64
		{F8902DAB-41CF-45F4-93FF-11278F324F4B}.Debug|x86.ActiveCfg = Debug|Win32
		{F8902DAB-41CF-45F4-93FF-11278F324F4B}.Debug|x86.Build.0 = Debug|Win32
		{F8902DAB-41CF-45F4-93FF-11278F324F4B}.Release|x64.ActiveCfg = Release|x64
		{F8902DAB-41CF-45F4-93FF-11278F324F4B}.Release|x64.Build.0 = Release|x64
		{F8902DAB-41CF-45F4-93FF-11278F324F4B}.Release|x86.ActiveCfg = Release|Win32
		{F8902DAB-41CF-45F4-93FF-11278F324F4B}.Release|x86.Build.0 = Release|Win32
		{8DE28A25-A47A-4DF6-A4F5-795A78114B3D}.Debug|x64.ActiveCfg = Debug|x64
		{8DE28A25-A47A-4DF6-A4F5-795A78114B3D}.Debug|x64.Build.0 = Debug|x64
		{8DE28A25-A47A-4DF6-A4F5-795A78114B3D}.Debug|x86.ActiveCfg = Debug|Win32
		{8DE28A25-A47A-4DF6-A4F5-795A78114B3D}.Debug|x86.Build.0 = Debug|Win32
		{8DE28A25-A47A-4DF6-A4F5-795A78114B3D}.Release|x64.ActiveCfg = Release|x64
		{8DE28A25-A47A-4DF6-A4F5-795A78114B3D}.Release|x64.Build.0 = Release|x64
		{8DE28A25-A47A-4DF6-A4F5-795A78114B3D}.Release|x86.ActiveCfg = Release|Win32
		{8DE28A25-A47A-4DF6-A4F5-795A78114B3D}.Release|x86.Build.0 = Release|Win32
		{DA54859B-5401-45B7-A31A-7FE2DF1E890B}.Debug|x64.ActiveCfg = Debug|x64
		{DA54859B-5401-45B7-A31A-7FE2DF1E890B}.Debug|x64.Build.0 = Debug|x64
		{DA54859B-5401-45B7-A31A-7FE2DF1E890B}.Debug|x86.ActiveCfg = Debug|Win32
		{DA54859B-5401-45B7-A31A-7FE2DF1E890B}.Debug|x86.Build.0 = Debug|Win32
		{DA54859B-5401-45B7-A31A-7FE2DF1E890B}.Release|x64.ActiveCfg = Release|x64
		{DA54859B-5401-45B7-A31A-7FE2DF1E890B}.Release|x64.Build.0 = Release|x64
		{DA54859B-5401-45B7-A31A-7FE2DF1E890B}.Release|x86.ActiveCfg = Release|Win32
		{DA54859B-5401-45B7-A31A-7FE2DF1E890B}.Release|x86.Build.0 = Release|Win32
		{4DBAE745-130B-4EC1-B25B-D4ED62F9D70B}.Debug|x64.ActiveCfg = Debug|x64
		{4DBAE745-130B-4EC1-B25B-D4ED62F9D70B}.Debug|x64.Build.0 = Debug|x64
		{4DBAE745-130B-4EC1-B25B-D4ED62F9D70B}.Debug|x86.ActiveCfg = Debug|Win32
		{4DBAE745-130B-4EC1-B25B-D4ED62F9D70B}.Debug|x86.Build.0 = Debug|Win32
		{4DBAE745-130B-4EC1-B25B-D4ED62F9D70B}.Release|x64.ActiveCfg = Release|x64
		{4DBAE745-130B-4EC1-B25B-D4ED62F9D70B}.Release|x64.Build.0 = Release|x64
		{4DBAE745-130B-4EC1-B25B-D4ED62F9D70B}.Release|x86.ActiveCfg = Release|Win32
		{4DBAE745-130B-4EC1-B25B-D4ED62F9D70B}.Release|x86.Build.0 = Release|Win32
		{D6F89F4F-3206-4800-B37F-14E8C6AB0B42}.Debug|x64.ActiveCfg = Debug|x64
		{D6F89F4F-3206-4800-B37F-14E8C6AB0B42}.Debug|x64.Build.0 = Debug|x64
		{D6F89F4F-3206-4800-B37F-14E8C6AB0B42}.Debug|x86.ActiveCfg = Debug|Win32
		{D6F89F4F-3206-4800-B37F-14E8C6AB0B42}.Debug|x86.Build.0 = Debug|Win32
		{D6F89F4F-3206-4800-B37F-14E8C6AB0B42}.Release|x64.ActiveCfg = Release|x64
		{D6F89F4F-3206-4800-B37F-14E8C6AB0B42}.Release|x64.Build.0 = Release|x64
		{D6F89F4F-3206-4800-B37F-14E8C6AB0B42}.Release|x86.ActiveCfg = Release|Win32
		{D6F89F4F-3206-4800-B37F-14E8C6AB0B42}.Release|x86.Build.0 = Release|Win32
		{51A41874-85F2-4C08-A6A7-B24120B5830E}.Debug|x64.ActiveCfg = Debug|x64
		{51A41874-85F2-4C08-A6A7-B24120B5830E}.Debug|x64.Build.0 = Debug|x64
		{51A41874-85F2-4C08-A6A7-B24120B5830E}.Debug|x86.ActiveCfg = Debug|Win32
		{51A41874-85F2-4C08-A6A7-B24120B5830E}.Debug|x86.Build.0 = Debug|Win32
		{51A41874-85F2-4C08-A6A7-B24120B5830E}.Release|x64.ActiveCfg = Release|x64
		{51A41874-85F2-4C08-A6A7-B24120B5830E}.Release|x64.Build.0 = Release|x64
		{51A41874-85F2-4C08-A6A7-B24120B5830E}.Release|x86.ActiveCfg = Release|Win32
		{51A41874-85F2-4C08-A6A7-B24120B5830E}.Release|x86.Build.0 = Release|Win32
		{968AC52B-7F15-44F2-8842-BE087E306C08}.Debug|x64.ActiveCfg = Debug|x64
		{968AC52B-7F15-44F2-8842-BE087E306C08}.Debug|x64.Build.0 = Debug|x64
		{968AC52B-7F15-44F2-8842-BE087E306C08}.Debug|x86.ActiveCfg = Debug|Win32
		{968AC52B-7F15-44F2-8842-BE087E306C08}.Debug|x86.Build.0 = Debug|Win32
		{968AC52B-7F15-44F2-8842-BE087E306C08}.Release|x64.ActiveCfg = Release|x64
		{968AC52B-7F15-44F2-8842-BE087E306C08}.Release|x64.Build.0 = Release|x64
		{968AC52B-7F15-44F2-8842-BE087E306C08}.Release|x86.ActiveCfg = Release|Win32
		{968AC52B-7F15-44F2-8842-BE087E306C08}.Release|x86.Build.0 = Release|Win32
		{B6E6B81F-0886-4B45-B86C-E6A344CD52D4}.Debug|x64.ActiveCfg = Debug|x64
		{B6E6B81F-0886-4B45-B86C-E6A344CD52D4}.Debug|x64.Build.0 = Debug|x64
		{B6E6B81F-0886-4B45-B86C-E6A344CD52D4}.Debug|x86.ActiveCfg = Debug|Win32
		{B6E6B81F-0886-4B45-B86C-E6A344CD52D4}.Debug|x86.Build.0 = Debug|Win32
		{B6E6B81F-0886-4B45-B86C-E6A344CD52D4}.Release|x64.ActiveCfg = Release|x64
		{B6E6B81F-0886-4B45-B86C-E6A344CD52D4}.Release|x64.Build.0 = Release|x64
		{B6E6B81F-0886-4B45-B86C-E6A344CD52D4}.Release|x86.ActiveCfg = Release|Win32
		{B6E6B81F-0886-4B45-B86C-E6A344CD52D4}.Release|x86.Build.0 = Release|Win32
		{234013F0-10DC-4AAA-A177-D797895CA239}.Debug|x64.ActiveCfg = Debug|x64
		{234013F0-10DC-4AAA-A177-D797895CA239}.Debug|x64.Build.0 = Debug|x64
		{234013F0-10DC-4AAA-A177-D797895CA239}.Debug|x86.ActiveCfg = Debug|Win32
		{234013F0-10DC-4AAA-A177-D797895CA239}.Debug|x86.Build.0 = Debug|Win32
		{234013F0-10DC-4AAA-A177-D797895CA239}.Release|x64.ActiveCfg = Release|x64
		{234013F0-10DC-4AAA-A177-D797895CA239}.Release|x64.Build.0 = Release|x64
		{234013F0-10DC-4AAA-A177-D797895CA239}.Release|x86.ActiveCfg = Release|Win32
		{234013F0-10DC-4AAA-A177-D797895CA239}.Release|x86.Build.0 = Release|Win32
		{3A92E0E4-4389-440F-A0F8-49295F995274}.Debug|x64.ActiveCfg = Debug|x64
		{3A92E0E4-4389-440F-A0F8-49295F995274}.Debug|x64.Build.0 = Debug|x64
		{3A92E0E4-4389-440F-A0F8-49295F995274}.Debug|x86.ActiveCfg = Debug|Win32
		{3A92E0E4-4389-440F-A0F8-49295F995274}.Debug|x86.Build.0 = Debug|Win32
		{3A92E0E4-4389-440F-A0F8-49295F995274}.Release|x64.ActiveCfg = Release|x64
		{3A92E0E4-4389-440F-A0F8-49295F995274}.Release|x64.Build.0 = Release|x64
		{3A92E0E4-4389-440F-A0F8-49295F995274}.Release|x86.ActiveCfg = Release|Win32
		{3A92E0E4-4389-440F-A0F8-49295F995274}.Release|x86.Build.0 = Release|Win32
		{E367B4D6-9740-4A2F-B4BB-AA8E1E77DF19}.Debug|x64.ActiveCfg = Debug|x64
		{E367B4D6-9740-4A2F-B4BB-AA8E1E77DF19}.Debug|x64.Build.0 = Debug|x64
		{E367B4D6-9740-4A2F-B4BB-AA8E1E77DF19}.Debug|x86.ActiveCfg = Debug|Win32
		{E367B4D6-9740-4A2F-B4BB-AA8E1E77DF19}.Debug|x86.Build.0 = Debug|Win32
		{E367B4D6-9740-4A2F-B4BB-AA8E1E77DF19}.Release|x64.ActiveCfg = Release|x64
		{E367B4D6-9740-4A2F-B4BB-AA8E1E77DF19}.Release|x64.Build.0 = Release|x64
		{E367B4D6-9740-4A2F-B4BB-AA8E1E77DF19}.Release|x86.ActiveCfg = Release|Win32
		{E367B4D6-9740-4A2F-B4BB-AA8E1E77DF19}.Release|x86.Build.0 = Release|Win32
		{1970DAF6-7171-475A-887F-085F5D3F0387}.Debug|x64.ActiveCfg = Debug|x64
		{1970DAF6-7171-475A-887F-085F5D3F0387}.Debug|x64.Build.0 = Debug|x64
		{1970DAF6-7171-475A-887F-085F5D3F0387}.Debug|x86.ActiveCfg = Debug|Win32
		{1970DAF6-7171-475A-887F-085F5D3F0387}.Debug|x86.Build.0 = Debug|Win32
		{1970DAF6-7171-475A-887F-085F5D3F0387}.Release|x64.ActiveCfg = Release|x64
		{1970DAF6-7171-475A-887F-085F5D3F0387}.Release|x64.Build.0 = Release|x64
		{1970DAF6-7171-475A-887F-085F5D3F0387}.Release|x86.ActiveCfg = Release|Win32
		{1970DAF6-7171-475A-887F-085F5D3F0387}.Release|x86.Build.0 = Release|Win32
		{73D70DA1-26B0-4484-940C-F7119AE7B9D6}.Debug|x64.ActiveCfg = Debug|x64
		{73D70DA1-26B0-4484-940C-F7119AE7B9D6}.Debug|x64.Build.0 = Debug|x64
		{73D70DA1-26B0-4484-940C-F7119AE7B9D6}.Debug|x86.ActiveCfg = Debug|Win32
		{73D70DA1-26B0-4484-940C-F7119AE7B9D6}.Debug|x86.Build.0 = Debug|Win32
		{73D70DA1-26B0-4484-940C-F7119AE7B9D6}.Release|x64.ActiveCfg = Release|x64
		{73D70DA1-26B0-4484-940C-F7119AE7B9D6}.Release|x64.Build.0 = Release|x64
		{73D70DA1-26B0-4484-940C-F7119AE7B9D6}.Release|x86.ActiveCfg = Release|Win32
		{73D70DA1-26B0-4484-940C-F7119AE7B9D6}.Release|x86.Build.0 = Release|Win32
		{6887B1A0-C912-4B80-81D0-630EB9366FF7}.Debug|x64.ActiveCfg = Debug|x64
		{6887B1A0-C912-4B80-81D0-630EB9366FF7}.Debug|x64.Build.0 = Debug|x64
		{6887B1A0-C912-4B80-81D0-630EB9366FF7}.Debug|x86.ActiveCfg = Debug|Win32
		{6887B1A0-C912-4B80-81D0-630EB9366FF7}.Debug|x86.Build.0 = Debug|Win32
		{6887B1A0-C912-4B80-81D0-630EB9366FF7}.Release|x64.ActiveCfg = Release|x64
		{6887B1A0-C912-4B80-81D0-630EB9366FF7}.Release|x64.Build.0 = Release|x64
		{6887B1A0-C912-4B80-81D0-630EB9366FF7}.Release|x86.ActiveCfg = Release|Win32
		{6887B1A0-C912-4B80-81D0-630EB9366FF7}.Release|x86.Build.0 = Release|Win32
		{BB231D99-6EB1-4CA0-99CA-ED016F6DD969}.Debug|x64.ActiveCfg = Debug|x64
		{BB231D99-6EB1-4CA0-99CA-ED016F6DD969}.Debug|x64.Build.0 = Debug|x64
		{BB231D99-6EB1-4CA0-99CA-ED016F6DD969}.Debug|x86.ActiveCfg = Debug|Win32
		{BB231D99-6EB1-4CA0-99CA-ED016F6DD969}.Debug|x86.Build.0 = Debug|Win32
		{BB231D99-6EB1-4CA0-99CA-ED016F6DD969}.Release|x64.ActiveCfg = Release|x64
		{BB231D99-6EB1-4CA0-99CA-ED016F6DD969}.Release|x64.Build.0 = Release|x64
		{BB231D99-6EB1-4CA0-99CA-ED016F6DD969}.Release|x86.ActiveCfg = Release|Win32
		{BB231D99-6EB1-4CA0-99CA-ED016F6DD969}.Release|x86.Build.0 = Release|Win32
		{8A895C4F-A0E9-4C7B-9D78-872728BB00FD}.Debug|x64.ActiveCfg = Debug|x64
		{8A895C4F-A0E9-4C7B-9D78-872728BB00FD}.Debug|x64.Build.0 = Debug|x64
		{8A895C4F-A0E9-4C7B-9D78-872728BB00FD}.Debug|x86.ActiveCfg = Debug|Win32
		{8A895C4F-A0E9-4C7B-9D78-872728BB00FD}.Debug|x86.Build.0 = Debug|Win32
		{8A895C4F-A0E9-4C7B-9D78-872728BB00FD}.Release|x64.ActiveCfg = Release|x64
		{8A895C4F-A0E9-4C7B-9D78-872728BB00FD}.Release|x64.Build.0 = Release|x64
		{8A895C4F-A0E9-4C7B-9D78-872728BB00FD}.Release|x86.ActiveCfg = Release|Win32
		{8A895C4F-A0E9-4C7B-9D78-872728BB00FD}.Release|x86.Build.0 = Release|Win32
		{9D1FB64C-73DA-43DD-B2E6-30D2E67418C4}.Debug|x64.ActiveCfg = Debug|x64
		{9D1FB64C-73DA-43DD-B2E6-30D2E67418C4}.Debug|x64.Build.0 = Debug|x64
		{9D1FB64C-73DA-43DD-B2E6-30D2E67418C4}.Debug|x86.ActiveCfg = Debug|Win32
		{9D1FB64C-73DA-43DD-B2E6-30D2E67418C4}.Debug|x86.Build.0 = Debug|Win32
		{9D1FB64C-73DA-43DD-B2E6-30D2E67418C4}.Release|x64.ActiveCfg = Release|x64
		{9D1FB64C-73DA-43DD-B2E6-30D2E67418C4}.Release|x64.Build.0 = Release|x64
		{9D1FB64C-73DA-43DD-B2E6-30D2E67418C4}.Release|x86.ActiveCfg = Release|Win32
		{9D1FB64C-73DA-43DD-B2E6-30D2E67418C4}.Release|x86.Build.0 = Release|Win32
		{67A6BB7E-6028-4E49-8F56-B2099770E5A3}.Debug|x64.ActiveCfg = Debug|x64
		{67A6BB7E-6028-4E49-8F56-B2099770E5A3}.Debug|x64.Build.0 = Debug|x64
		{67A6BB7E-6028-4E49-8F56-B2099770E5A3}.Debug|x86.ActiveCfg = Debug|Win32
		{67A6BB7E-6028-4E49-8F56-B2099770E5A3}.Debug|x86.Build.0 = Debug|Win32
		{67A6BB7E-6028-4E49-8F56-B2099770E5A3}.Release|x64.ActiveCfg = Release|x64
		{67A6BB7E-6028-4E49-8F56-B2099770E5A3}.Release|x64.Build.0 = Release|x64
		{67A6BB7E-6028-4E49-8F56-B2099770E5A3}.Release|x86.ActiveCfg = Release|Win32
		{67A6BB7E-6028-4E49-8F56-B2099770E5A3}.Release|x86.Build.0 = Release|Win32
		{B5F2A79C-3641-4D3E-9400-8004A9A2D98E}.Debug|x64.ActiveCfg = Debug|x64
		{B5F2A79C-3641-4D3E-9400-8004A9A2D98E}.Debug|x64.Build.0 = Debug|x64
		{B5F2A79C-3641-4D3E-9400-8004A9A2D98E}.Debug|x86.ActiveCfg = Debug|Win32
		{B5F2A79C-3641-4D3E-9400-8004A9A2D98E}.Debug|x86.Build.0 = Debug|Win32
		{B5F2A79C-3641-4D3E-9400-8004A9A2D98E}.Release|x64.ActiveCfg = Release|x64
		{B5F2A79C-3641-4D3E-9400-8004A9A2D98E}.Release|x64.Build.0 = Release|x64
		{B5F2A79C-3641-4D3E-9400-8004A9A2D98E}.Release|x86.ActiveCfg = Release|Win32
		{B5F2A79C-3641-4D3E-9400-8004A9A2D98E}.Release|x86.Build.0 = Release|Win32
		{983F750D-5A36-4E33-924E-2FA9399A7687}.Debug|x64.ActiveCfg = Debug|x64
		{983F750D-5A36-4E33-924E-2FA9399A7687}.Debug|x64.Build.0 = Debug|x64
		{983F750D-5A36-4E33-924E-2FA9399A7687}.Debug|x86.ActiveCfg = Debug|Win32
		{983F750D-5A36-4E33-924E-2FA9399A7687}.Debug|x86.Build.0 = Debug|Win32
		{983F750D-5A36-4E33-924E-2FA9399A7687}.Release|x64.ActiveCfg = Release|x64
		{983F750D-5A36-4E33-924E-2FA9399A7687}.Release|x64.Build.0 = Release|x64
		{983F750D-5A36-4E33-924E-2FA9399A7687}.Release|x86.ActiveCfg = Release|Win32
		{983F750D-5A36-4E33-924E-2FA9399A7687}.Release|x86.Build.0 = Release|Win32
		{E984F493-2F31-4D9C-A12F-8F3B933A8E79}.Debug|x64.ActiveCfg = Debug|x64
		{E984F493-2F31-4D9C-A12F-8F3B933A8E79}.Debug|x64.Build.0 = Debug|x64
		{E984F493-2F31-4D9C-A12F-8F3B933A8E79}.Debug|x86.ActiveCfg = Debug|Win32
		{E984F493-2F31-4D9C-A12F-8F3B933A8E79}.Debug|x86.Build.0 = Debug|Win32
		{E984F493-2F31-4D9C-A12F-8F3B933A8E79}.Release|x64.ActiveCfg = Release|x64
		{E984F493-2F31-4D9C-A12F-8F3B933A8E79}.Release|x64.Build.0 = Release|x64
		{E984F493-2F31-4D9C-A12F-8F3B933A8E79}.Release|x86.ActiveCfg = Release|Win32
		{E984F493-2F31-4D9C-A12F-8F3B933A8E79}.Release|x86.Build.0 = Release|Win32
		{258C3DA3-A47E-4FCC-B593-AA34060DD58E}.Debug|x64.ActiveCfg = Debug|x64
		{258C3DA3-A47E-4FCC-B593-AA34060DD58E}.Debug|x64.Build.0 = Debug|x64
		{258C3DA3-A47E-4FCC-B593-AA34060DD58E}.Debug|x86.ActiveCfg = Debug|Win32
		{258C3DA3-A47E-4FCC-B593-AA34060DD58E}.Debug|x86.Build.0 = Debug|Win32
		{258C3DA3-A47E-4FCC-B593-AA34060DD58E}.Release|x64.ActiveCfg = Release|x64
		{258C3DA3-A47E-4FCC-B593-AA34060DD58E}.Release|x64.Build.0 = Release|x64
		{258C3DA3-A47E-4FCC-B593-AA34060DD58E}.Release|x86.ActiveCfg = Release|Win32
		{258C3DA3-A47E-4FCC-B593-AA34060DD58E}.Release|x86.Build.0 = Release|Win32
	EndGlobalSection
	GlobalSection(SolutionProperties) = preSolution
		HideSolutionNode = FALSE
	EndGlobalSection
	GlobalSection(NestedProjects) = preSolution
		{3C4D430F-19D6-4C7A-B249-F312DA1A4B91} = {D5A7C5E0-5E43-4D89-9EE9-F58233C67784}
		{58554800-0CFD-4F3C-9E00-006E82D33066} = {D5A7C5E0-5E43-4D89-9EE9-F58233C67784}
		{BF7850B8-4F85-4F0B-BF08-2369EF974F6C} = {D5A7C5E0-5E43-4D89-9EE9-F58233C67784}
		{10265E73-3942-470D-9F08-61D7113723FD} = {D5A7C5E0-5E43-4D89-9EE9-F58233C67784}
		{6209E5D5-656A-441C-BAE4-28B2FC89085B} = {D5A7C5E0-5E43-4D89-9EE9-F58233C67784}
		{E23A76FD-33D4-4CCD-A825-23E98284B9F0} = {D5A7C5E0-5E43-4D89-9EE9-F58233C67784}
		{66BF4C13-4AE1-4CB2-9921-02C92D1F1D79} = {D5A7C5E0-5E43-4D89-9EE9-F58233C67784}
		{F8902DAB-41CF-45F4-93FF-11278F324F4B} = {D5A7C5E0-5E43-4D89-9EE9-F58233C67784}
		{8DE28A25-A47A-4DF6-A4F5-795A78114B3D} = {D5A7C5E0-5E43-4D89-9EE9-F58233C67784}
		{DA54859B-5401-45B7-A31A-7FE2DF1E890B} = {D5A7C5E0-5E43-4D89-9EE9-F58233C67784}
		{4DBAE745-130B-4EC1-B25B-D4ED62F9D70B} = {D5A7C5E0-5E43-4D89-9EE9-F58233C67784}
		{D6F89F4F-3206-4800-B37F-14E8C6AB0B42} = {D5A7C5E0-5E43-4D89-9EE9-F58233C67784}
		{51A41874-85F2-4C08-A6A7-B24120B5830E} = {D5A7C5E0-5E43-4D89-9EE9-F58233C67784}
		{968AC52B-7F15-44F2-8842-BE087E306C08} = {D5A7C5E0-5E43-4D89-9EE9-F58233C67784}
		{B6E6B81F-0886-4B45-B86C-E6A344CD52D4} = {D5A7C5E0-5E43-4D89-9EE9-F58233C67784}
		{234013F0-10DC-4AAA-A177-D797895CA239} = {D5A7C5E0-5E43-4D89-9EE9-F58233C67784}
		{3A92E0E4-4389-440F-A0F8-49295F995274} = {D5A7C5E0-5E43-4D89-9EE9-F58233C67784}
		{E367B4D6-9740-4A2F-B4BB-AA8E1E77DF19} = {D5A7C5E0-5E43-4D89-9EE9-F58233C67784}
		{1970DAF6-7171-475A-887F-085F5D3F0387} = {D5A7C5E0-5E43-4D89-9EE9-F58233C67784}
		{73D70DA1-26B0-4484-940C-F7119AE7B9D6} = {D5A7C5E0-5E43-4D89-9EE9-F58233C67784}
		{BB231D99-6EB1-4CA0-99CA-ED016F6DD969} = {F49AAA57-FAB9-4F51-9543-81DB3F141576}
		{8A895C4F-A0E9-4C7B-9D78-872728BB00FD} = {774BAEAF-14F2-4D11-A824-AAF6A62DEF94}
		{9D1FB64C-73DA-43DD-B2E6-30D2E67418C4} = {774BAEAF-14F2-4D11-A824-AAF6A62DEF94}
		{67A6BB7E-6028-4E49-8F56-B2099770E5A3} = {774BAEAF-14F2-4D11-A824-AAF6A62DEF94}
		{B5F2A79C-3641-4D3E-9400-8004A9A2D98E} = {774BAEAF-14F2-4D11-A824-AAF6A62DEF94}
		{983F750D-5A36-4E33-924E-2FA9399A7687} = {774BAEAF-14F2-4D11-A824-AAF6A62DEF94}
		{E984F493-2F31-4D9C-A12F-8F3B933A8E79} = {774BAEAF-14F2-4D11-A824-AAF6A62DEF94}
		{258C3DA3-A47E-4FCC-B593-AA34060DD58E} = {774BAEAF-14F2-4D11-A824-AAF6A62DEF94}
	EndGlobalSection
	GlobalSection(ExtensibilityGlobals) = postSolution
		SolutionGuid = {63E4C666-BF03-46F4-A99C-C298853EC8CD}
	EndGlobalSection
EndGlobal
