
Microsoft Visual Studio Solution File, Format Version 12.00
# Visual Studio 14
VisualStudioVersion = 14.0.25420.1
MinimumVisualStudioVersion = 10.0.40219.1
Project("{8BC9CEB8-8B4A-11D0-8D11-00A0C91BC942}") = "LearnOpenGL", "LearnOpenGL\LearnOpenGL.vcxproj", "{EE848294-F1A4-4F3D-9D15-679C85CE1DBB}"
EndProject
Project("{8BC9CEB8-8B4A-11D0-8D11-00A0C91BC942}") = "LearningNote001(Create A Window)", "LearningNote001\LearningNote001.vcxproj", "{3C4D430F-19D6-4C7A-B249-F312DA1A4B91}"
EndProject
Project("{8BC9CEB8-8B4A-11D0-8D11-00A0C91BC942}") = "LearningNote002(Hello, Triangle)", "LearningNote002\LearningNote002.vcxproj", "{58554800-0CFD-4F3C-9E00-006E82D33066}"
EndProject
Project("{8BC9CEB8-8B4A-11D0-8D11-00A0C91BC942}") = "LearningNote003(Texture)", "LearningNote003\LearningNote003.vcxproj", "{BF7850B8-4F85-4F0B-BF08-2369EF974F6C}"
EndProject
Project("{8BC9CEB8-8B4A-11D0-8D11-00A0C91BC942}") = "LearningNote004(Camera)", "LearningNote004\LearningNote004.vcxproj", "{10265E73-3942-470D-9F08-61D7113723FD}"
EndProject
Project("{8BC9CEB8-8B4A-11D0-8D11-00A0C91BC942}") = "LearningNote005(Light_PongLightModel)", "LearningNote005\LearningNote005.vcxproj", "{6209E5D5-656A-441C-BAE4-28B2FC89085B}"
EndProject
Project("{8BC9CEB8-8B4A-11D0-8D11-00A0C91BC942}") = "LearningNote006(Light_Material+LightingMap)", "LearningNote006\LearningNote006.vcxproj", "{E23A76FD-33D4-4CCD-A825-23E98284B9F0}"
EndProject
Project("{8BC9CEB8-8B4A-11D0-8D11-00A0C91BC942}") = "LearningNote007(Light_LightAttenuation)", "LearningNote007\LearningNote007.vcxproj", "{66BF4C13-4AE1-4CB2-9921-02C92D1F1D79}"
EndProject
Project("{8BC9CEB8-8B4A-11D0-8D11-00A0C91BC942}") = "LearningNote008(Light_SpotLight)", "LearningNote008\LearningNote008.vcxproj", "{F8902DAB-41CF-45F4-93FF-11278F324F4B}"
EndProject
Project("{8BC9CEB8-8B4A-11D0-8D11-00A0C91BC942}") = "LearningNote009(Light_MultipleLights)", "LearningNote009\LearningNote009.vcxproj", "{8DE28A25-A47A-4DF6-A4F5-795A78114B3D}"
EndProject
Project("{8BC9CEB8-8B4A-11D0-8D11-00A0C91BC942}") = "LearningNote010(Model)", "LearningNote010\LearningNote010.vcxproj", "{DA54859B-5401-45B7-A31A-7FE2DF1E890B}"
EndProject
Project("{8BC9CEB8-8B4A-11D0-8D11-00A0C91BC942}") = "LearningNote011(AdvancedOpenGL_StencilTest)", "LearningNote011\LearningNote011.vcxproj", "{4DBAE745-130B-4EC1-B25B-D4ED62F9D70B}"
EndProject
Project("{8BC9CEB8-8B4A-11D0-8D11-00A0C91BC942}") = "LearningNote012(AdvancedOpenGL_Blending+FaceCulling)", "LearningNote012\LearningNote012.vcxproj", "{D6F89F4F-3206-4800-B37F-14E8C6AB0B42}"
EndProject
Project("{8BC9CEB8-8B4A-11D0-8D11-00A0C91BC942}") = "LearningNote013(AdvancedOpenGL_FBO)", "LearningNote013\LearningNote013.vcxproj", "{51A41874-85F2-4C08-A6A7-B24120B5830E}"
EndProject
Global
	GlobalSection(SolutionConfigurationPlatforms) = preSolution
		Debug|x64 = Debug|x64
		Debug|x86 = Debug|x86
		Release|x64 = Release|x64
		Release|x86 = Release|x86
	EndGlobalSection
	GlobalSection(ProjectConfigurationPlatforms) = postSolution
		{EE848294-F1A4-4F3D-9D15-679C85CE1DBB}.Debug|x64.ActiveCfg = Debug|x64
		{EE848294-F1A4-4F3D-9D15-679C85CE1DBB}.Debug|x64.Build.0 = Debug|x64
		{EE848294-F1A4-4F3D-9D15-679C85CE1DBB}.Debug|x86.ActiveCfg = Debug|Win32
		{EE848294-F1A4-4F3D-9D15-679C85CE1DBB}.Debug|x86.Build.0 = Debug|Win32
		{EE848294-F1A4-4F3D-9D15-679C85CE1DBB}.Release|x64.ActiveCfg = Release|x64
		{EE848294-F1A4-4F3D-9D15-679C85CE1DBB}.Release|x64.Build.0 = Release|x64
		{EE848294-F1A4-4F3D-9D15-679C85CE1DBB}.Release|x86.ActiveCfg = Release|Win32
		{EE848294-F1A4-4F3D-9D15-679C85CE1DBB}.Release|x86.Build.0 = Release|Win32
		{3C4D430F-19D6-4C7A-B249-F312DA1A4B91}.Debug|x64.ActiveCfg = Debug|x64
		{3C4D430F-19D6-4C7A-B249-F312DA1A4B91}.Debug|x64.Build.0 = Debug|x64
		{3C4D430F-19D6-4C7A-B249-F312DA1A4B91}.Debug|x86.ActiveCfg = Debug|Win32
		{3C4D430F-19D6-4C7A-B249-F312DA1A4B91}.Debug|x86.Build.0 = Debug|Win32
		{3C4D430F-19D6-4C7A-B249-F312DA1A4B91}.Release|x64.ActiveCfg = Release|x64
		{3C4D430F-19D6-4C7A-B249-F312DA1A4B91}.Release|x64.Build.0 = Release|x64
		{3C4D430F-19D6-4C7A-B249-F312DA1A4B91}.Release|x86.ActiveCfg = Release|Win32
		{3C4D430F-19D6-4C7A-B249-F312DA1A4B91}.Release|x86.Build.0 = Release|Win32
		{58554800-0CFD-4F3C-9E00-006E82D33066}.Debug|x64.ActiveCfg = Debug|x64
		{58554800-0CFD-4F3C-9E00-006E82D33066}.Debug|x64.Build.0 = Debug|x64
		{58554800-0CFD-4F3C-9E00-006E82D33066}.Debug|x86.ActiveCfg = Debug|Win32
		{58554800-0CFD-4F3C-9E00-006E82D33066}.Debug|x86.Build.0 = Debug|Win32
		{58554800-0CFD-4F3C-9E00-006E82D33066}.Release|x64.ActiveCfg = Release|x64
		{58554800-0CFD-4F3C-9E00-006E82D33066}.Release|x64.Build.0 = Release|x64
		{58554800-0CFD-4F3C-9E00-006E82D33066}.Release|x86.ActiveCfg = Release|Win32
		{58554800-0CFD-4F3C-9E00-006E82D33066}.Release|x86.Build.0 = Release|Win32
		{BF7850B8-4F85-4F0B-BF08-2369EF974F6C}.Debug|x64.ActiveCfg = Debug|x64
		{BF7850B8-4F85-4F0B-BF08-2369EF974F6C}.Debug|x64.Build.0 = Debug|x64
		{BF7850B8-4F85-4F0B-BF08-2369EF974F6C}.Debug|x86.ActiveCfg = Debug|Win32
		{BF7850B8-4F85-4F0B-BF08-2369EF974F6C}.Debug|x86.Build.0 = Debug|Win32
		{BF7850B8-4F85-4F0B-BF08-2369EF974F6C}.Release|x64.ActiveCfg = Release|x64
		{BF7850B8-4F85-4F0B-BF08-2369EF974F6C}.Release|x64.Build.0 = Release|x64
		{BF7850B8-4F85-4F0B-BF08-2369EF974F6C}.Release|x86.ActiveCfg = Release|Win32
		{BF7850B8-4F85-4F0B-BF08-2369EF974F6C}.Release|x86.Build.0 = Release|Win32
		{10265E73-3942-470D-9F08-61D7113723FD}.Debug|x64.ActiveCfg = Debug|x64
		{10265E73-3942-470D-9F08-61D7113723FD}.Debug|x64.Build.0 = Debug|x64
		{10265E73-3942-470D-9F08-61D7113723FD}.Debug|x86.ActiveCfg = Debug|Win32
		{10265E73-3942-470D-9F08-61D7113723FD}.Debug|x86.Build.0 = Debug|Win32
		{10265E73-3942-470D-9F08-61D7113723FD}.Release|x64.ActiveCfg = Release|x64
		{10265E73-3942-470D-9F08-61D7113723FD}.Release|x64.Build.0 = Release|x64
		{10265E73-3942-470D-9F08-61D7113723FD}.Release|x86.ActiveCfg = Release|Win32
		{10265E73-3942-470D-9F08-61D7113723FD}.Release|x86.Build.0 = Release|Win32
		{6209E5D5-656A-441C-BAE4-28B2FC89085B}.Debug|x64.ActiveCfg = Debug|x64
		{6209E5D5-656A-441C-BAE4-28B2FC89085B}.Debug|x64.Build.0 = Debug|x64
		{6209E5D5-656A-441C-BAE4-28B2FC89085B}.Debug|x86.ActiveCfg = Debug|Win32
		{6209E5D5-656A-441C-BAE4-28B2FC89085B}.Debug|x86.Build.0 = Debug|Win32
		{6209E5D5-656A-441C-BAE4-28B2FC89085B}.Release|x64.ActiveCfg = Release|x64
		{6209E5D5-656A-441C-BAE4-28B2FC89085B}.Release|x64.Build.0 = Release|x64
		{6209E5D5-656A-441C-BAE4-28B2FC89085B}.Release|x86.ActiveCfg = Release|Win32
		{6209E5D5-656A-441C-BAE4-28B2FC89085B}.Release|x86.Build.0 = Release|Win32
		{E23A76FD-33D4-4CCD-A825-23E98284B9F0}.Debug|x64.ActiveCfg = Debug|x64
		{E23A76FD-33D4-4CCD-A825-23E98284B9F0}.Debug|x64.Build.0 = Debug|x64
		{E23A76FD-33D4-4CCD-A825-23E98284B9F0}.Debug|x86.ActiveCfg = Debug|Win32
		{E23A76FD-33D4-4CCD-A825-23E98284B9F0}.Debug|x86.Build.0 = Debug|Win32
		{E23A76FD-33D4-4CCD-A825-23E98284B9F0}.Release|x64.ActiveCfg = Release|x64
		{E23A76FD-33D4-4CCD-A825-23E98284B9F0}.Release|x64.Build.0 = Release|x64
		{E23A76FD-33D4-4CCD-A825-23E98284B9F0}.Release|x86.ActiveCfg = Release|Win32
		{E23A76FD-33D4-4CCD-A825-23E98284B9F0}.Release|x86.Build.0 = Release|Win32
		{66BF4C13-4AE1-4CB2-9921-02C92D1F1D79}.Debug|x64.ActiveCfg = Debug|x64
		{66BF4C13-4AE1-4CB2-9921-02C92D1F1D79}.Debug|x64.Build.0 = Debug|x64
		{66BF4C13-4AE1-4CB2-9921-02C92D1F1D79}.Debug|x86.ActiveCfg = Debug|Win32
		{66BF4C13-4AE1-4CB2-9921-02C92D1F1D79}.Debug|x86.Build.0 = Debug|Win32
		{66BF4C13-4AE1-4CB2-9921-02C92D1F1D79}.Release|x64.ActiveCfg = Release|x64
		{66BF4C13-4AE1-4CB2-9921-02C92D1F1D79}.Release|x64.Build.0 = Release|x64
		{66BF4C13-4AE1-4CB2-9921-02C92D1F1D79}.Release|x86.ActiveCfg = Release|Win32
		{66BF4C13-4AE1-4CB2-9921-02C92D1F1D79}.Release|x86.Build.0 = Release|Win32
		{F8902DAB-41CF-45F4-93FF-11278F324F4B}.Debug|x64.ActiveCfg = Debug|x64
		{F8902DAB-41CF-45F4-93FF-11278F324F4B}.Debug|x64.Build.0 = Debug|x64
		{F8902DAB-41CF-45F4-93FF-11278F324F4B}.Debug|x86.ActiveCfg = Debug|Win32
		{F8902DAB-41CF-45F4-93FF-11278F324F4B}.Debug|x86.Build.0 = Debug|Win32
		{F8902DAB-41CF-45F4-93FF-11278F324F4B}.Release|x64.ActiveCfg = Release|x64
		{F8902DAB-41CF-45F4-93FF-11278F324F4B}.Release|x64.Build.0 = Release|x64
		{F8902DAB-41CF-45F4-93FF-11278F324F4B}.Release|x86.ActiveCfg = Release|Win32
		{F8902DAB-41CF-45F4-93FF-11278F324F4B}.Release|x86.Build.0 = Release|Win32
		{8DE28A25-A47A-4DF6-A4F5-795A78114B3D}.Debug|x64.ActiveCfg = Debug|x64
		{8DE28A25-A47A-4DF6-A4F5-795A78114B3D}.Debug|x64.Build.0 = Debug|x64
		{8DE28A25-A47A-4DF6-A4F5-795A78114B3D}.Debug|x86.ActiveCfg = Debug|Win32
		{8DE28A25-A47A-4DF6-A4F5-795A78114B3D}.Debug|x86.Build.0 = Debug|Win32
		{8DE28A25-A47A-4DF6-A4F5-795A78114B3D}.Release|x64.ActiveCfg = Release|x64
		{8DE28A25-A47A-4DF6-A4F5-795A78114B3D}.Release|x64.Build.0 = Release|x64
		{8DE28A25-A47A-4DF6-A4F5-795A78114B3D}.Release|x86.ActiveCfg = Release|Win32
		{8DE28A25-A47A-4DF6-A4F5-795A78114B3D}.Release|x86.Build.0 = Release|Win32
		{DA54859B-5401-45B7-A31A-7FE2DF1E890B}.Debug|x64.ActiveCfg = Debug|x64
		{DA54859B-5401-45B7-A31A-7FE2DF1E890B}.Debug|x64.Build.0 = Debug|x64
		{DA54859B-5401-45B7-A31A-7FE2DF1E890B}.Debug|x86.ActiveCfg = Debug|Win32
		{DA54859B-5401-45B7-A31A-7FE2DF1E890B}.Debug|x86.Build.0 = Debug|Win32
		{DA54859B-5401-45B7-A31A-7FE2DF1E890B}.Release|x64.ActiveCfg = Release|x64
		{DA54859B-5401-45B7-A31A-7FE2DF1E890B}.Release|x64.Build.0 = Release|x64
		{DA54859B-5401-45B7-A31A-7FE2DF1E890B}.Release|x86.ActiveCfg = Release|Win32
		{DA54859B-5401-45B7-A31A-7FE2DF1E890B}.Release|x86.Build.0 = Release|Win32
		{4DBAE745-130B-4EC1-B25B-D4ED62F9D70B}.Debug|x64.ActiveCfg = Debug|x64
		{4DBAE745-130B-4EC1-B25B-D4ED62F9D70B}.Debug|x64.Build.0 = Debug|x64
		{4DBAE745-130B-4EC1-B25B-D4ED62F9D70B}.Debug|x86.ActiveCfg = Debug|Win32
		{4DBAE745-130B-4EC1-B25B-D4ED62F9D70B}.Debug|x86.Build.0 = Debug|Win32
		{4DBAE745-130B-4EC1-B25B-D4ED62F9D70B}.Release|x64.ActiveCfg = Release|x64
		{4DBAE745-130B-4EC1-B25B-D4ED62F9D70B}.Release|x64.Build.0 = Release|x64
		{4DBAE745-130B-4EC1-B25B-D4ED62F9D70B}.Release|x86.ActiveCfg = Release|Win32
		{4DBAE745-130B-4EC1-B25B-D4ED62F9D70B}.Release|x86.Build.0 = Release|Win32
		{D6F89F4F-3206-4800-B37F-14E8C6AB0B42}.Debug|x64.ActiveCfg = Debug|x64
		{D6F89F4F-3206-4800-B37F-14E8C6AB0B42}.Debug|x64.Build.0 = Debug|x64
		{D6F89F4F-3206-4800-B37F-14E8C6AB0B42}.Debug|x86.ActiveCfg = Debug|Win32
		{D6F89F4F-3206-4800-B37F-14E8C6AB0B42}.Debug|x86.Build.0 = Debug|Win32
		{D6F89F4F-3206-4800-B37F-14E8C6AB0B42}.Release|x64.ActiveCfg = Release|x64
		{D6F89F4F-3206-4800-B37F-14E8C6AB0B42}.Release|x64.Build.0 = Release|x64
		{D6F89F4F-3206-4800-B37F-14E8C6AB0B42}.Release|x86.ActiveCfg = Release|Win32
		{D6F89F4F-3206-4800-B37F-14E8C6AB0B42}.Release|x86.Build.0 = Release|Win32
		{51A41874-85F2-4C08-A6A7-B24120B5830E}.Debug|x64.ActiveCfg = Debug|x64
		{51A41874-85F2-4C08-A6A7-B24120B5830E}.Debug|x64.Build.0 = Debug|x64
		{51A41874-85F2-4C08-A6A7-B24120B5830E}.Debug|x86.ActiveCfg = Debug|Win32
		{51A41874-85F2-4C08-A6A7-B24120B5830E}.Debug|x86.Build.0 = Debug|Win32
		{51A41874-85F2-4C08-A6A7-B24120B5830E}.Release|x64.ActiveCfg = Release|x64
		{51A41874-85F2-4C08-A6A7-B24120B5830E}.Release|x64.Build.0 = Release|x64
		{51A41874-85F2-4C08-A6A7-B24120B5830E}.Release|x86.ActiveCfg = Release|Win32
		{51A41874-85F2-4C08-A6A7-B24120B5830E}.Release|x86.Build.0 = Release|Win32
	EndGlobalSection
	GlobalSection(SolutionProperties) = preSolution
		HideSolutionNode = FALSE
	EndGlobalSection
EndGlobal
