
Microsoft Visual Studio Solution File, Format Version 12.00
# Visual Studio Version 16
VisualStudioVersion = 16.0.28701.123
MinimumVisualStudioVersion = 10.0.40219.1
Project("{8BC9CEB8-8B4A-11D0-8D11-00A0C91BC942}") = "OpenGLKernel", "OpenGLKernel\OpenGLKernel.vcxproj", "{6887B1A0-C912-4B80-81D0-630EB9366FF7}"
	ProjectSection(ProjectDependencies) = postProject
		{F8C424FB-6D6E-49C4-964D-06F2FA43AB25} = {F8C424FB-6D6E-49C4-964D-06F2FA43AB25}
	EndProjectSection
EndProject
Project("{2150E333-8FDC-42A3-9474-1A3956D46DE8}") = "UnitTests", "UnitTests", "{F49AAA57-FAB9-4F51-9543-81DB3F141576}"
EndProject
Project("{8BC9CEB8-8B4A-11D0-8D11-00A0C91BC942}") = "Sample-Test001", "Sample-Test001\Sample-Test001.vcxproj", "{BB231D99-6EB1-4CA0-99CA-ED016F6DD969}"
EndProject
Project("{8BC9CEB8-8B4A-11D0-8D11-00A0C91BC942}") = "TestCase001(Triangle)", "TestCase001\TestCase001.vcxproj", "{8A895C4F-A0E9-4C7B-9D78-872728BB00FD}"
	ProjectSection(ProjectDependencies) = postProject
		{6887B1A0-C912-4B80-81D0-630EB9366FF7} = {6887B1A0-C912-4B80-81D0-630EB9366FF7}
	EndProjectSection
EndProject
Project("{8BC9CEB8-8B4A-11D0-8D11-00A0C91BC942}") = "TestCase002(Camera)", "TestCase002\TestCase002.vcxproj", "{9D1FB64C-73DA-43DD-B2E6-30D2E67418C4}"
	ProjectSection(ProjectDependencies) = postProject
		{6887B1A0-C912-4B80-81D0-630EB9366FF7} = {6887B1A0-C912-4B80-81D0-630EB9366FF7}
	EndProjectSection
EndProject
Project("{8BC9CEB8-8B4A-11D0-8D11-00A0C91BC942}") = "TestCase003(Texture)", "TestCase003\TestCase003.vcxproj", "{67A6BB7E-6028-4E49-8F56-B2099770E5A3}"
	ProjectSection(ProjectDependencies) = postProject
		{6887B1A0-C912-4B80-81D0-630EB9366FF7} = {6887B1A0-C912-4B80-81D0-630EB9366FF7}
	EndProjectSection
EndProject
Project("{8BC9CEB8-8B4A-11D0-8D11-00A0C91BC942}") = "TestCase004(Texture+Camera)", "TestCase004\TestCase004.vcxproj", "{B5F2A79C-3641-4D3E-9400-8004A9A2D98E}"
	ProjectSection(ProjectDependencies) = postProject
		{6887B1A0-C912-4B80-81D0-630EB9366FF7} = {6887B1A0-C912-4B80-81D0-630EB9366FF7}
	EndProjectSection
EndProject
Project("{8BC9CEB8-8B4A-11D0-8D11-00A0C91BC942}") = "TestCase005(Model)", "TestCase005\TestCase005.vcxproj", "{983F750D-5A36-4E33-924E-2FA9399A7687}"
	ProjectSection(ProjectDependencies) = postProject
		{6887B1A0-C912-4B80-81D0-630EB9366FF7} = {6887B1A0-C912-4B80-81D0-630EB9366FF7}
	EndProjectSection
EndProject
Project("{8BC9CEB8-8B4A-11D0-8D11-00A0C91BC942}") = "TestCase006(Light_Phong+SimpleGUI)", "TestCase006\TestCase006.vcxproj", "{E984F493-2F31-4D9C-A12F-8F3B933A8E79}"
	ProjectSection(ProjectDependencies) = postProject
		{6887B1A0-C912-4B80-81D0-630EB9366FF7} = {6887B1A0-C912-4B80-81D0-630EB9366FF7}
	EndProjectSection
EndProject
Project("{8BC9CEB8-8B4A-11D0-8D11-00A0C91BC942}") = "TestCase007(Light_PBR+DynamicLight)", "TestCase007\TestCase007.vcxproj", "{258C3DA3-A47E-4FCC-B593-AA34060DD58E}"
	ProjectSection(ProjectDependencies) = postProject
		{6887B1A0-C912-4B80-81D0-630EB9366FF7} = {6887B1A0-C912-4B80-81D0-630EB9366FF7}
	EndProjectSection
EndProject
Project("{2150E333-8FDC-42A3-9474-1A3956D46DE8}") = "TestCasesForOpenGLKernel", "TestCasesForOpenGLKernel", "{774BAEAF-14F2-4D11-A824-AAF6A62DEF94}"
EndProject
Project("{8BC9CEB8-8B4A-11D0-8D11-00A0C91BC942}") = "TestCase008(CubeMap)", "TestCase008\TestCase008.vcxproj", "{5086B7CB-FF8F-4179-88F3-DA0BD9C79F39}"
	ProjectSection(ProjectDependencies) = postProject
		{6887B1A0-C912-4B80-81D0-630EB9366FF7} = {6887B1A0-C912-4B80-81D0-630EB9366FF7}
	EndProjectSection
EndProject
Project("{8BC9CEB8-8B4A-11D0-8D11-00A0C91BC942}") = "TestCase009_A(IBL_PreConvoluteIrradianceMap)", "TestCase009_A\TestCase009_A.vcxproj", "{58FFFBD4-2951-41B2-9D64-080154A487AD}"
	ProjectSection(ProjectDependencies) = postProject
		{6887B1A0-C912-4B80-81D0-630EB9366FF7} = {6887B1A0-C912-4B80-81D0-630EB9366FF7}
	EndProjectSection
EndProject
Project("{8BC9CEB8-8B4A-11D0-8D11-00A0C91BC942}") = "TestCase009_B(IBL_PreFilterEnvironmentMap)", "TestCase009_B\TestCase009_B.vcxproj", "{7821343C-BC39-484B-8830-70193EC26B01}"
	ProjectSection(ProjectDependencies) = postProject
		{6887B1A0-C912-4B80-81D0-630EB9366FF7} = {6887B1A0-C912-4B80-81D0-630EB9366FF7}
	EndProjectSection
EndProject
Project("{8BC9CEB8-8B4A-11D0-8D11-00A0C91BC942}") = "TestCase009_C(IBL_PreComputeBRDF)", "TestCase009_C\TestCase009_C.vcxproj", "{4C333396-B60A-4829-9168-F3F468827E8A}"
	ProjectSection(ProjectDependencies) = postProject
		{6887B1A0-C912-4B80-81D0-630EB9366FF7} = {6887B1A0-C912-4B80-81D0-630EB9366FF7}
	EndProjectSection
EndProject
Project("{8BC9CEB8-8B4A-11D0-8D11-00A0C91BC942}") = "TestCase009_D(IBL)", "TestCase009_D\TestCase009_D.vcxproj", "{DFD4E2C6-FB58-4A06-B24C-4558DBC325B7}"
	ProjectSection(ProjectDependencies) = postProject
		{6887B1A0-C912-4B80-81D0-630EB9366FF7} = {6887B1A0-C912-4B80-81D0-630EB9366FF7}
	EndProjectSection
EndProject
Project("{8BC9CEB8-8B4A-11D0-8D11-00A0C91BC942}") = "TestCase010(PBR_Frostbite)", "TestCase010\TestCase010.vcxproj", "{36E28474-B62C-414F-BC0B-664A25D189F6}"
	ProjectSection(ProjectDependencies) = postProject
		{6887B1A0-C912-4B80-81D0-630EB9366FF7} = {6887B1A0-C912-4B80-81D0-630EB9366FF7}
	EndProjectSection
EndProject
Project("{8BC9CEB8-8B4A-11D0-8D11-00A0C91BC942}") = "TestCase011_A(AreaLight_UniformColor)", "TestCase011_A\TestCase011_A.vcxproj", "{A9D27108-5030-4585-9311-10CA48D40B64}"
	ProjectSection(ProjectDependencies) = postProject
		{6887B1A0-C912-4B80-81D0-630EB9366FF7} = {6887B1A0-C912-4B80-81D0-630EB9366FF7}
	EndProjectSection
EndProject
Project("{8BC9CEB8-8B4A-11D0-8D11-00A0C91BC942}") = "TestCase012_A(ShadowMap)", "TestCase012_A\TestCase012_A.vcxproj", "{C2FCD0E5-3B67-4288-8A50-7B8FF33F2479}"
	ProjectSection(ProjectDependencies) = postProject
		{6887B1A0-C912-4B80-81D0-630EB9366FF7} = {6887B1A0-C912-4B80-81D0-630EB9366FF7}
	EndProjectSection
EndProject
Project("{8BC9CEB8-8B4A-11D0-8D11-00A0C91BC942}") = "TestCase012_B(DirectionalLight_Shadow)", "TestCase012_B\TestCase012_B.vcxproj", "{A3184D24-92E7-4D93-889A-22CFE3B1D005}"
	ProjectSection(ProjectDependencies) = postProject
		{6887B1A0-C912-4B80-81D0-630EB9366FF7} = {6887B1A0-C912-4B80-81D0-630EB9366FF7}
	EndProjectSection
EndProject
Project("{2150E333-8FDC-42A3-9474-1A3956D46DE8}") = "Libs", "Libs", "{D9126611-83D6-4181-B4FA-AD1B15845E51}"
EndProject
Project("{2150E333-8FDC-42A3-9474-1A3956D46DE8}") = "Tools", "Tools", "{1AE055B4-A61F-48F1-B8F7-1A222FFB302A}"
EndProject
Project("{8BC9CEB8-8B4A-11D0-8D11-00A0C91BC942}") = "Tools_TinyEXR", "Tools_TinyEXR\Tools_TinyEXR.vcxproj", "{5E80604B-A4A4-4932-827F-BDD0B344D0E2}"
EndProject
Project("{2150E333-8FDC-42A3-9474-1A3956D46DE8}") = "LayerdMaterial", "LayerdMaterial", "{AD9BBA4A-EC15-4EB6-9323-762A2CCA0F06}"
EndProject
Project("{8BC9CEB8-8B4A-11D0-8D11-00A0C91BC942}") = "LayeredMaterial_TestCase001(SingleMaterial)", "LayeredMaterial_TestCase001\LayeredMaterial_TestCase001.vcxproj", "{EE19162C-2C81-4507-AA0A-2468B6F98C0B}"
EndProject
Project("{8BC9CEB8-8B4A-11D0-8D11-00A0C91BC942}") = "LayeredMaterial_TestCase002(DoubleLayerBRDF)", "LayeredMaterial_TestCase002\LayeredMaterial_TestCase002.vcxproj", "{B8865B42-7CB0-448A-BDE5-0FAC4BDC0419}"
EndProject
Project("{8BC9CEB8-8B4A-11D0-8D11-00A0C91BC942}") = "LayeredMaterial_TestCase003(Belcour_Reflection)", "LayeredMaterial_TestCase003\LayeredMaterial_TestCase003.vcxproj", "{588AAA9F-0851-4B7D-A55E-CD22FFEB49EC}"
EndProject
Project("{8BC9CEB8-8B4A-11D0-8D11-00A0C91BC942}") = "LayeredMaterial_TestCase004(IBL+DoubleLayerBRDF)", "LayeredMaterial_TestCase004\LayeredMaterial_TestCase004.vcxproj", "{3DF5A878-4282-4FF1-8978-083680BEDF72}"
EndProject
Project("{8BC9CEB8-8B4A-11D0-8D11-00A0C91BC942}") = "LayeredMaterial_TestCase005(IBL+Model+ClearCoat)", "LayeredMaterial_TestCase005\LayeredMaterial_TestCase005.vcxproj", "{59C6400F-CFA3-41FD-9CFB-EB71B978C607}"
EndProject
Project("{8BC9CEB8-8B4A-11D0-8D11-00A0C91BC942}") = "LayeredMaterial_TestCase006(IBL+Model+ThinFilmLayer)", "LayeredMaterial_TestCase006\LayeredMaterial_TestCase006.vcxproj", "{08EE2775-6668-4BDF-A3CA-511D65FBA696}"
EndProject
Project("{8BC9CEB8-8B4A-11D0-8D11-00A0C91BC942}") = "LayeredMaterial_TestCase007(Unity_DirectionalLight)", "LayeredMaterial_TestCase007\LayeredMaterial_TestCase007.vcxproj", "{DB9B06C6-B68E-49FD-800A-99755347F357}"
EndProject
Project("{8BC9CEB8-8B4A-11D0-8D11-00A0C91BC942}") = "imgui", "imgui\imgui.vcxproj", "{F8C424FB-6D6E-49C4-964D-06F2FA43AB25}"
EndProject
Global
	GlobalSection(SolutionConfigurationPlatforms) = preSolution
		Debug|x64 = Debug|x64
		Debug|x86 = Debug|x86
		Release|x64 = Release|x64
		Release|x86 = Release|x86
	EndGlobalSection
	GlobalSection(ProjectConfigurationPlatforms) = postSolution
		{6887B1A0-C912-4B80-81D0-630EB9366FF7}.Debug|x64.ActiveCfg = Debug|x64
		{6887B1A0-C912-4B80-81D0-630EB9366FF7}.Debug|x64.Build.0 = Debug|x64
		{6887B1A0-C912-4B80-81D0-630EB9366FF7}.Debug|x86.ActiveCfg = Debug|Win32
		{6887B1A0-C912-4B80-81D0-630EB9366FF7}.Debug|x86.Build.0 = Debug|Win32
		{6887B1A0-C912-4B80-81D0-630EB9366FF7}.Release|x64.ActiveCfg = Release|x64
		{6887B1A0-C912-4B80-81D0-630EB9366FF7}.Release|x64.Build.0 = Release|x64
		{6887B1A0-C912-4B80-81D0-630EB9366FF7}.Release|x86.ActiveCfg = Release|Win32
		{6887B1A0-C912-4B80-81D0-630EB9366FF7}.Release|x86.Build.0 = Release|Win32
		{BB231D99-6EB1-4CA0-99CA-ED016F6DD969}.Debug|x64.ActiveCfg = Debug|x64
		{BB231D99-6EB1-4CA0-99CA-ED016F6DD969}.Debug|x64.Build.0 = Debug|x64
		{BB231D99-6EB1-4CA0-99CA-ED016F6DD969}.Debug|x86.ActiveCfg = Debug|Win32
		{BB231D99-6EB1-4CA0-99CA-ED016F6DD969}.Debug|x86.Build.0 = Debug|Win32
		{BB231D99-6EB1-4CA0-99CA-ED016F6DD969}.Release|x64.ActiveCfg = Release|x64
		{BB231D99-6EB1-4CA0-99CA-ED016F6DD969}.Release|x64.Build.0 = Release|x64
		{BB231D99-6EB1-4CA0-99CA-ED016F6DD969}.Release|x86.ActiveCfg = Release|Win32
		{BB231D99-6EB1-4CA0-99CA-ED016F6DD969}.Release|x86.Build.0 = Release|Win32
		{8A895C4F-A0E9-4C7B-9D78-872728BB00FD}.Debug|x64.ActiveCfg = Debug|x64
		{8A895C4F-A0E9-4C7B-9D78-872728BB00FD}.Debug|x64.Build.0 = Debug|x64
		{8A895C4F-A0E9-4C7B-9D78-872728BB00FD}.Debug|x86.ActiveCfg = Debug|Win32
		{8A895C4F-A0E9-4C7B-9D78-872728BB00FD}.Debug|x86.Build.0 = Debug|Win32
		{8A895C4F-A0E9-4C7B-9D78-872728BB00FD}.Release|x64.ActiveCfg = Release|x64
		{8A895C4F-A0E9-4C7B-9D78-872728BB00FD}.Release|x64.Build.0 = Release|x64
		{8A895C4F-A0E9-4C7B-9D78-872728BB00FD}.Release|x86.ActiveCfg = Release|Win32
		{8A895C4F-A0E9-4C7B-9D78-872728BB00FD}.Release|x86.Build.0 = Release|Win32
		{9D1FB64C-73DA-43DD-B2E6-30D2E67418C4}.Debug|x64.ActiveCfg = Debug|x64
		{9D1FB64C-73DA-43DD-B2E6-30D2E67418C4}.Debug|x64.Build.0 = Debug|x64
		{9D1FB64C-73DA-43DD-B2E6-30D2E67418C4}.Debug|x86.ActiveCfg = Debug|Win32
		{9D1FB64C-73DA-43DD-B2E6-30D2E67418C4}.Debug|x86.Build.0 = Debug|Win32
		{9D1FB64C-73DA-43DD-B2E6-30D2E67418C4}.Release|x64.ActiveCfg = Release|x64
		{9D1FB64C-73DA-43DD-B2E6-30D2E67418C4}.Release|x64.Build.0 = Release|x64
		{9D1FB64C-73DA-43DD-B2E6-30D2E67418C4}.Release|x86.ActiveCfg = Release|Win32
		{9D1FB64C-73DA-43DD-B2E6-30D2E67418C4}.Release|x86.Build.0 = Release|Win32
		{67A6BB7E-6028-4E49-8F56-B2099770E5A3}.Debug|x64.ActiveCfg = Debug|x64
		{67A6BB7E-6028-4E49-8F56-B2099770E5A3}.Debug|x64.Build.0 = Debug|x64
		{67A6BB7E-6028-4E49-8F56-B2099770E5A3}.Debug|x86.ActiveCfg = Debug|Win32
		{67A6BB7E-6028-4E49-8F56-B2099770E5A3}.Debug|x86.Build.0 = Debug|Win32
		{67A6BB7E-6028-4E49-8F56-B2099770E5A3}.Release|x64.ActiveCfg = Release|x64
		{67A6BB7E-6028-4E49-8F56-B2099770E5A3}.Release|x64.Build.0 = Release|x64
		{67A6BB7E-6028-4E49-8F56-B2099770E5A3}.Release|x86.ActiveCfg = Release|Win32
		{67A6BB7E-6028-4E49-8F56-B2099770E5A3}.Release|x86.Build.0 = Release|Win32
		{B5F2A79C-3641-4D3E-9400-8004A9A2D98E}.Debug|x64.ActiveCfg = Debug|x64
		{B5F2A79C-3641-4D3E-9400-8004A9A2D98E}.Debug|x64.Build.0 = Debug|x64
		{B5F2A79C-3641-4D3E-9400-8004A9A2D98E}.Debug|x86.ActiveCfg = Debug|Win32
		{B5F2A79C-3641-4D3E-9400-8004A9A2D98E}.Debug|x86.Build.0 = Debug|Win32
		{B5F2A79C-3641-4D3E-9400-8004A9A2D98E}.Release|x64.ActiveCfg = Release|x64
		{B5F2A79C-3641-4D3E-9400-8004A9A2D98E}.Release|x64.Build.0 = Release|x64
		{B5F2A79C-3641-4D3E-9400-8004A9A2D98E}.Release|x86.ActiveCfg = Release|Win32
		{B5F2A79C-3641-4D3E-9400-8004A9A2D98E}.Release|x86.Build.0 = Release|Win32
		{983F750D-5A36-4E33-924E-2FA9399A7687}.Debug|x64.ActiveCfg = Debug|x64
		{983F750D-5A36-4E33-924E-2FA9399A7687}.Debug|x64.Build.0 = Debug|x64
		{983F750D-5A36-4E33-924E-2FA9399A7687}.Debug|x86.ActiveCfg = Debug|Win32
		{983F750D-5A36-4E33-924E-2FA9399A7687}.Debug|x86.Build.0 = Debug|Win32
		{983F750D-5A36-4E33-924E-2FA9399A7687}.Release|x64.ActiveCfg = Release|x64
		{983F750D-5A36-4E33-924E-2FA9399A7687}.Release|x64.Build.0 = Release|x64
		{983F750D-5A36-4E33-924E-2FA9399A7687}.Release|x86.ActiveCfg = Release|Win32
		{983F750D-5A36-4E33-924E-2FA9399A7687}.Release|x86.Build.0 = Release|Win32
		{E984F493-2F31-4D9C-A12F-8F3B933A8E79}.Debug|x64.ActiveCfg = Debug|x64
		{E984F493-2F31-4D9C-A12F-8F3B933A8E79}.Debug|x64.Build.0 = Debug|x64
		{E984F493-2F31-4D9C-A12F-8F3B933A8E79}.Debug|x86.ActiveCfg = Debug|Win32
		{E984F493-2F31-4D9C-A12F-8F3B933A8E79}.Debug|x86.Build.0 = Debug|Win32
		{E984F493-2F31-4D9C-A12F-8F3B933A8E79}.Release|x64.ActiveCfg = Release|x64
		{E984F493-2F31-4D9C-A12F-8F3B933A8E79}.Release|x64.Build.0 = Release|x64
		{E984F493-2F31-4D9C-A12F-8F3B933A8E79}.Release|x86.ActiveCfg = Release|Win32
		{E984F493-2F31-4D9C-A12F-8F3B933A8E79}.Release|x86.Build.0 = Release|Win32
		{258C3DA3-A47E-4FCC-B593-AA34060DD58E}.Debug|x64.ActiveCfg = Debug|x64
		{258C3DA3-A47E-4FCC-B593-AA34060DD58E}.Debug|x64.Build.0 = Debug|x64
		{258C3DA3-A47E-4FCC-B593-AA34060DD58E}.Debug|x86.ActiveCfg = Debug|Win32
		{258C3DA3-A47E-4FCC-B593-AA34060DD58E}.Debug|x86.Build.0 = Debug|Win32
		{258C3DA3-A47E-4FCC-B593-AA34060DD58E}.Release|x64.ActiveCfg = Release|x64
		{258C3DA3-A47E-4FCC-B593-AA34060DD58E}.Release|x64.Build.0 = Release|x64
		{258C3DA3-A47E-4FCC-B593-AA34060DD58E}.Release|x86.ActiveCfg = Release|Win32
		{258C3DA3-A47E-4FCC-B593-AA34060DD58E}.Release|x86.Build.0 = Release|Win32
		{5086B7CB-FF8F-4179-88F3-DA0BD9C79F39}.Debug|x64.ActiveCfg = Debug|x64
		{5086B7CB-FF8F-4179-88F3-DA0BD9C79F39}.Debug|x64.Build.0 = Debug|x64
		{5086B7CB-FF8F-4179-88F3-DA0BD9C79F39}.Debug|x86.ActiveCfg = Debug|Win32
		{5086B7CB-FF8F-4179-88F3-DA0BD9C79F39}.Debug|x86.Build.0 = Debug|Win32
		{5086B7CB-FF8F-4179-88F3-DA0BD9C79F39}.Release|x64.ActiveCfg = Release|x64
		{5086B7CB-FF8F-4179-88F3-DA0BD9C79F39}.Release|x64.Build.0 = Release|x64
		{5086B7CB-FF8F-4179-88F3-DA0BD9C79F39}.Release|x86.ActiveCfg = Release|Win32
		{5086B7CB-FF8F-4179-88F3-DA0BD9C79F39}.Release|x86.Build.0 = Release|Win32
		{58FFFBD4-2951-41B2-9D64-080154A487AD}.Debug|x64.ActiveCfg = Debug|x64
		{58FFFBD4-2951-41B2-9D64-080154A487AD}.Debug|x64.Build.0 = Debug|x64
		{58FFFBD4-2951-41B2-9D64-080154A487AD}.Debug|x86.ActiveCfg = Debug|Win32
		{58FFFBD4-2951-41B2-9D64-080154A487AD}.Debug|x86.Build.0 = Debug|Win32
		{58FFFBD4-2951-41B2-9D64-080154A487AD}.Release|x64.ActiveCfg = Release|x64
		{58FFFBD4-2951-41B2-9D64-080154A487AD}.Release|x64.Build.0 = Release|x64
		{58FFFBD4-2951-41B2-9D64-080154A487AD}.Release|x86.ActiveCfg = Release|Win32
		{58FFFBD4-2951-41B2-9D64-080154A487AD}.Release|x86.Build.0 = Release|Win32
		{7821343C-BC39-484B-8830-70193EC26B01}.Debug|x64.ActiveCfg = Debug|x64
		{7821343C-BC39-484B-8830-70193EC26B01}.Debug|x64.Build.0 = Debug|x64
		{7821343C-BC39-484B-8830-70193EC26B01}.Debug|x86.ActiveCfg = Debug|Win32
		{7821343C-BC39-484B-8830-70193EC26B01}.Debug|x86.Build.0 = Debug|Win32
		{7821343C-BC39-484B-8830-70193EC26B01}.Release|x64.ActiveCfg = Release|x64
		{7821343C-BC39-484B-8830-70193EC26B01}.Release|x64.Build.0 = Release|x64
		{7821343C-BC39-484B-8830-70193EC26B01}.Release|x86.ActiveCfg = Release|Win32
		{7821343C-BC39-484B-8830-70193EC26B01}.Release|x86.Build.0 = Release|Win32
		{4C333396-B60A-4829-9168-F3F468827E8A}.Debug|x64.ActiveCfg = Debug|x64
		{4C333396-B60A-4829-9168-F3F468827E8A}.Debug|x64.Build.0 = Debug|x64
		{4C333396-B60A-4829-9168-F3F468827E8A}.Debug|x86.ActiveCfg = Debug|Win32
		{4C333396-B60A-4829-9168-F3F468827E8A}.Debug|x86.Build.0 = Debug|Win32
		{4C333396-B60A-4829-9168-F3F468827E8A}.Release|x64.ActiveCfg = Release|x64
		{4C333396-B60A-4829-9168-F3F468827E8A}.Release|x64.Build.0 = Release|x64
		{4C333396-B60A-4829-9168-F3F468827E8A}.Release|x86.ActiveCfg = Release|Win32
		{4C333396-B60A-4829-9168-F3F468827E8A}.Release|x86.Build.0 = Release|Win32
		{DFD4E2C6-FB58-4A06-B24C-4558DBC325B7}.Debug|x64.ActiveCfg = Debug|x64
		{DFD4E2C6-FB58-4A06-B24C-4558DBC325B7}.Debug|x64.Build.0 = Debug|x64
		{DFD4E2C6-FB58-4A06-B24C-4558DBC325B7}.Debug|x86.ActiveCfg = Debug|Win32
		{DFD4E2C6-FB58-4A06-B24C-4558DBC325B7}.Debug|x86.Build.0 = Debug|Win32
		{DFD4E2C6-FB58-4A06-B24C-4558DBC325B7}.Release|x64.ActiveCfg = Release|x64
		{DFD4E2C6-FB58-4A06-B24C-4558DBC325B7}.Release|x64.Build.0 = Release|x64
		{DFD4E2C6-FB58-4A06-B24C-4558DBC325B7}.Release|x86.ActiveCfg = Release|Win32
		{DFD4E2C6-FB58-4A06-B24C-4558DBC325B7}.Release|x86.Build.0 = Release|Win32
		{36E28474-B62C-414F-BC0B-664A25D189F6}.Debug|x64.ActiveCfg = Debug|x64
		{36E28474-B62C-414F-BC0B-664A25D189F6}.Debug|x64.Build.0 = Debug|x64
		{36E28474-B62C-414F-BC0B-664A25D189F6}.Debug|x86.ActiveCfg = Debug|Win32
		{36E28474-B62C-414F-BC0B-664A25D189F6}.Debug|x86.Build.0 = Debug|Win32
		{36E28474-B62C-414F-BC0B-664A25D189F6}.Release|x64.ActiveCfg = Release|x64
		{36E28474-B62C-414F-BC0B-664A25D189F6}.Release|x64.Build.0 = Release|x64
		{36E28474-B62C-414F-BC0B-664A25D189F6}.Release|x86.ActiveCfg = Release|Win32
		{36E28474-B62C-414F-BC0B-664A25D189F6}.Release|x86.Build.0 = Release|Win32
		{A9D27108-5030-4585-9311-10CA48D40B64}.Debug|x64.ActiveCfg = Debug|x64
		{A9D27108-5030-4585-9311-10CA48D40B64}.Debug|x64.Build.0 = Debug|x64
		{A9D27108-5030-4585-9311-10CA48D40B64}.Debug|x86.ActiveCfg = Debug|Win32
		{A9D27108-5030-4585-9311-10CA48D40B64}.Debug|x86.Build.0 = Debug|Win32
		{A9D27108-5030-4585-9311-10CA48D40B64}.Release|x64.ActiveCfg = Release|x64
		{A9D27108-5030-4585-9311-10CA48D40B64}.Release|x64.Build.0 = Release|x64
		{A9D27108-5030-4585-9311-10CA48D40B64}.Release|x86.ActiveCfg = Release|Win32
		{A9D27108-5030-4585-9311-10CA48D40B64}.Release|x86.Build.0 = Release|Win32
		{C2FCD0E5-3B67-4288-8A50-7B8FF33F2479}.Debug|x64.ActiveCfg = Debug|x64
		{C2FCD0E5-3B67-4288-8A50-7B8FF33F2479}.Debug|x64.Build.0 = Debug|x64
		{C2FCD0E5-3B67-4288-8A50-7B8FF33F2479}.Debug|x86.ActiveCfg = Debug|Win32
		{C2FCD0E5-3B67-4288-8A50-7B8FF33F2479}.Debug|x86.Build.0 = Debug|Win32
		{C2FCD0E5-3B67-4288-8A50-7B8FF33F2479}.Release|x64.ActiveCfg = Release|x64
		{C2FCD0E5-3B67-4288-8A50-7B8FF33F2479}.Release|x64.Build.0 = Release|x64
		{C2FCD0E5-3B67-4288-8A50-7B8FF33F2479}.Release|x86.ActiveCfg = Release|Win32
		{C2FCD0E5-3B67-4288-8A50-7B8FF33F2479}.Release|x86.Build.0 = Release|Win32
		{A3184D24-92E7-4D93-889A-22CFE3B1D005}.Debug|x64.ActiveCfg = Debug|x64
		{A3184D24-92E7-4D93-889A-22CFE3B1D005}.Debug|x64.Build.0 = Debug|x64
		{A3184D24-92E7-4D93-889A-22CFE3B1D005}.Debug|x86.ActiveCfg = Debug|Win32
		{A3184D24-92E7-4D93-889A-22CFE3B1D005}.Debug|x86.Build.0 = Debug|Win32
		{A3184D24-92E7-4D93-889A-22CFE3B1D005}.Release|x64.ActiveCfg = Release|x64
		{A3184D24-92E7-4D93-889A-22CFE3B1D005}.Release|x64.Build.0 = Release|x64
		{A3184D24-92E7-4D93-889A-22CFE3B1D005}.Release|x86.ActiveCfg = Release|Win32
		{A3184D24-92E7-4D93-889A-22CFE3B1D005}.Release|x86.Build.0 = Release|Win32
		{5E80604B-A4A4-4932-827F-BDD0B344D0E2}.Debug|x64.ActiveCfg = Debug|x64
		{5E80604B-A4A4-4932-827F-BDD0B344D0E2}.Debug|x64.Build.0 = Debug|x64
		{5E80604B-A4A4-4932-827F-BDD0B344D0E2}.Debug|x86.ActiveCfg = Debug|Win32
		{5E80604B-A4A4-4932-827F-BDD0B344D0E2}.Debug|x86.Build.0 = Debug|Win32
		{5E80604B-A4A4-4932-827F-BDD0B344D0E2}.Release|x64.ActiveCfg = Release|x64
		{5E80604B-A4A4-4932-827F-BDD0B344D0E2}.Release|x64.Build.0 = Release|x64
		{5E80604B-A4A4-4932-827F-BDD0B344D0E2}.Release|x86.ActiveCfg = Release|Win32
		{5E80604B-A4A4-4932-827F-BDD0B344D0E2}.Release|x86.Build.0 = Release|Win32
		{EE19162C-2C81-4507-AA0A-2468B6F98C0B}.Debug|x64.ActiveCfg = Debug|x64
		{EE19162C-2C81-4507-AA0A-2468B6F98C0B}.Debug|x64.Build.0 = Debug|x64
		{EE19162C-2C81-4507-AA0A-2468B6F98C0B}.Debug|x86.ActiveCfg = Debug|Win32
		{EE19162C-2C81-4507-AA0A-2468B6F98C0B}.Debug|x86.Build.0 = Debug|Win32
		{EE19162C-2C81-4507-AA0A-2468B6F98C0B}.Release|x64.ActiveCfg = Release|x64
		{EE19162C-2C81-4507-AA0A-2468B6F98C0B}.Release|x64.Build.0 = Release|x64
		{EE19162C-2C81-4507-AA0A-2468B6F98C0B}.Release|x86.ActiveCfg = Release|Win32
		{EE19162C-2C81-4507-AA0A-2468B6F98C0B}.Release|x86.Build.0 = Release|Win32
		{B8865B42-7CB0-448A-BDE5-0FAC4BDC0419}.Debug|x64.ActiveCfg = Debug|x64
		{B8865B42-7CB0-448A-BDE5-0FAC4BDC0419}.Debug|x64.Build.0 = Debug|x64
		{B8865B42-7CB0-448A-BDE5-0FAC4BDC0419}.Debug|x86.ActiveCfg = Debug|Win32
		{B8865B42-7CB0-448A-BDE5-0FAC4BDC0419}.Debug|x86.Build.0 = Debug|Win32
		{B8865B42-7CB0-448A-BDE5-0FAC4BDC0419}.Release|x64.ActiveCfg = Release|x64
		{B8865B42-7CB0-448A-BDE5-0FAC4BDC0419}.Release|x64.Build.0 = Release|x64
		{B8865B42-7CB0-448A-BDE5-0FAC4BDC0419}.Release|x86.ActiveCfg = Release|Win32
		{B8865B42-7CB0-448A-BDE5-0FAC4BDC0419}.Release|x86.Build.0 = Release|Win32
		{588AAA9F-0851-4B7D-A55E-CD22FFEB49EC}.Debug|x64.ActiveCfg = Debug|x64
		{588AAA9F-0851-4B7D-A55E-CD22FFEB49EC}.Debug|x64.Build.0 = Debug|x64
		{588AAA9F-0851-4B7D-A55E-CD22FFEB49EC}.Debug|x86.ActiveCfg = Debug|Win32
		{588AAA9F-0851-4B7D-A55E-CD22FFEB49EC}.Debug|x86.Build.0 = Debug|Win32
		{588AAA9F-0851-4B7D-A55E-CD22FFEB49EC}.Release|x64.ActiveCfg = Release|x64
		{588AAA9F-0851-4B7D-A55E-CD22FFEB49EC}.Release|x64.Build.0 = Release|x64
		{588AAA9F-0851-4B7D-A55E-CD22FFEB49EC}.Release|x86.ActiveCfg = Release|Win32
		{588AAA9F-0851-4B7D-A55E-CD22FFEB49EC}.Release|x86.Build.0 = Release|Win32
		{3DF5A878-4282-4FF1-8978-083680BEDF72}.Debug|x64.ActiveCfg = Debug|x64
		{3DF5A878-4282-4FF1-8978-083680BEDF72}.Debug|x64.Build.0 = Debug|x64
		{3DF5A878-4282-4FF1-8978-083680BEDF72}.Debug|x86.ActiveCfg = Debug|Win32
		{3DF5A878-4282-4FF1-8978-083680BEDF72}.Debug|x86.Build.0 = Debug|Win32
		{3DF5A878-4282-4FF1-8978-083680BEDF72}.Release|x64.ActiveCfg = Release|x64
		{3DF5A878-4282-4FF1-8978-083680BEDF72}.Release|x64.Build.0 = Release|x64
		{3DF5A878-4282-4FF1-8978-083680BEDF72}.Release|x86.ActiveCfg = Release|Win32
		{3DF5A878-4282-4FF1-8978-083680BEDF72}.Release|x86.Build.0 = Release|Win32
		{59C6400F-CFA3-41FD-9CFB-EB71B978C607}.Debug|x64.ActiveCfg = Debug|x64
		{59C6400F-CFA3-41FD-9CFB-EB71B978C607}.Debug|x64.Build.0 = Debug|x64
		{59C6400F-CFA3-41FD-9CFB-EB71B978C607}.Debug|x86.ActiveCfg = Debug|Win32
		{59C6400F-CFA3-41FD-9CFB-EB71B978C607}.Debug|x86.Build.0 = Debug|Win32
		{59C6400F-CFA3-41FD-9CFB-EB71B978C607}.Release|x64.ActiveCfg = Release|x64
		{59C6400F-CFA3-41FD-9CFB-EB71B978C607}.Release|x64.Build.0 = Release|x64
		{59C6400F-CFA3-41FD-9CFB-EB71B978C607}.Release|x86.ActiveCfg = Release|Win32
		{59C6400F-CFA3-41FD-9CFB-EB71B978C607}.Release|x86.Build.0 = Release|Win32
		{08EE2775-6668-4BDF-A3CA-511D65FBA696}.Debug|x64.ActiveCfg = Debug|x64
		{08EE2775-6668-4BDF-A3CA-511D65FBA696}.Debug|x64.Build.0 = Debug|x64
		{08EE2775-6668-4BDF-A3CA-511D65FBA696}.Debug|x86.ActiveCfg = Debug|Win32
		{08EE2775-6668-4BDF-A3CA-511D65FBA696}.Debug|x86.Build.0 = Debug|Win32
		{08EE2775-6668-4BDF-A3CA-511D65FBA696}.Release|x64.ActiveCfg = Release|x64
		{08EE2775-6668-4BDF-A3CA-511D65FBA696}.Release|x64.Build.0 = Release|x64
		{08EE2775-6668-4BDF-A3CA-511D65FBA696}.Release|x86.ActiveCfg = Release|Win32
		{08EE2775-6668-4BDF-A3CA-511D65FBA696}.Release|x86.Build.0 = Release|Win32
		{DB9B06C6-B68E-49FD-800A-99755347F357}.Debug|x64.ActiveCfg = Debug|x64
		{DB9B06C6-B68E-49FD-800A-99755347F357}.Debug|x64.Build.0 = Debug|x64
		{DB9B06C6-B68E-49FD-800A-99755347F357}.Debug|x86.ActiveCfg = Debug|Win32
		{DB9B06C6-B68E-49FD-800A-99755347F357}.Debug|x86.Build.0 = Debug|Win32
		{DB9B06C6-B68E-49FD-800A-99755347F357}.Release|x64.ActiveCfg = Release|x64
		{DB9B06C6-B68E-49FD-800A-99755347F357}.Release|x64.Build.0 = Release|x64
		{DB9B06C6-B68E-49FD-800A-99755347F357}.Release|x86.ActiveCfg = Release|Win32
		{DB9B06C6-B68E-49FD-800A-99755347F357}.Release|x86.Build.0 = Release|Win32
		{F8C424FB-6D6E-49C4-964D-06F2FA43AB25}.Debug|x64.ActiveCfg = Debug|x64
		{F8C424FB-6D6E-49C4-964D-06F2FA43AB25}.Debug|x64.Build.0 = Debug|x64
		{F8C424FB-6D6E-49C4-964D-06F2FA43AB25}.Debug|x86.ActiveCfg = Debug|Win32
		{F8C424FB-6D6E-49C4-964D-06F2FA43AB25}.Debug|x86.Build.0 = Debug|Win32
		{F8C424FB-6D6E-49C4-964D-06F2FA43AB25}.Release|x64.ActiveCfg = Release|x64
		{F8C424FB-6D6E-49C4-964D-06F2FA43AB25}.Release|x64.Build.0 = Release|x64
		{F8C424FB-6D6E-49C4-964D-06F2FA43AB25}.Release|x86.ActiveCfg = Release|Win32
		{F8C424FB-6D6E-49C4-964D-06F2FA43AB25}.Release|x86.Build.0 = Release|Win32
	EndGlobalSection
	GlobalSection(SolutionProperties) = preSolution
		HideSolutionNode = FALSE
	EndGlobalSection
	GlobalSection(NestedProjects) = preSolution
		{BB231D99-6EB1-4CA0-99CA-ED016F6DD969} = {F49AAA57-FAB9-4F51-9543-81DB3F141576}
		{8A895C4F-A0E9-4C7B-9D78-872728BB00FD} = {774BAEAF-14F2-4D11-A824-AAF6A62DEF94}
		{9D1FB64C-73DA-43DD-B2E6-30D2E67418C4} = {774BAEAF-14F2-4D11-A824-AAF6A62DEF94}
		{67A6BB7E-6028-4E49-8F56-B2099770E5A3} = {774BAEAF-14F2-4D11-A824-AAF6A62DEF94}
		{B5F2A79C-3641-4D3E-9400-8004A9A2D98E} = {774BAEAF-14F2-4D11-A824-AAF6A62DEF94}
		{983F750D-5A36-4E33-924E-2FA9399A7687} = {774BAEAF-14F2-4D11-A824-AAF6A62DEF94}
		{E984F493-2F31-4D9C-A12F-8F3B933A8E79} = {774BAEAF-14F2-4D11-A824-AAF6A62DEF94}
		{258C3DA3-A47E-4FCC-B593-AA34060DD58E} = {774BAEAF-14F2-4D11-A824-AAF6A62DEF94}
		{5086B7CB-FF8F-4179-88F3-DA0BD9C79F39} = {774BAEAF-14F2-4D11-A824-AAF6A62DEF94}
		{58FFFBD4-2951-41B2-9D64-080154A487AD} = {774BAEAF-14F2-4D11-A824-AAF6A62DEF94}
		{7821343C-BC39-484B-8830-70193EC26B01} = {774BAEAF-14F2-4D11-A824-AAF6A62DEF94}
		{4C333396-B60A-4829-9168-F3F468827E8A} = {774BAEAF-14F2-4D11-A824-AAF6A62DEF94}
		{DFD4E2C6-FB58-4A06-B24C-4558DBC325B7} = {774BAEAF-14F2-4D11-A824-AAF6A62DEF94}
		{36E28474-B62C-414F-BC0B-664A25D189F6} = {774BAEAF-14F2-4D11-A824-AAF6A62DEF94}
		{A9D27108-5030-4585-9311-10CA48D40B64} = {774BAEAF-14F2-4D11-A824-AAF6A62DEF94}
		{C2FCD0E5-3B67-4288-8A50-7B8FF33F2479} = {774BAEAF-14F2-4D11-A824-AAF6A62DEF94}
		{A3184D24-92E7-4D93-889A-22CFE3B1D005} = {774BAEAF-14F2-4D11-A824-AAF6A62DEF94}
		{5E80604B-A4A4-4932-827F-BDD0B344D0E2} = {1AE055B4-A61F-48F1-B8F7-1A222FFB302A}
		{AD9BBA4A-EC15-4EB6-9323-762A2CCA0F06} = {774BAEAF-14F2-4D11-A824-AAF6A62DEF94}
		{EE19162C-2C81-4507-AA0A-2468B6F98C0B} = {AD9BBA4A-EC15-4EB6-9323-762A2CCA0F06}
		{B8865B42-7CB0-448A-BDE5-0FAC4BDC0419} = {AD9BBA4A-EC15-4EB6-9323-762A2CCA0F06}
		{588AAA9F-0851-4B7D-A55E-CD22FFEB49EC} = {AD9BBA4A-EC15-4EB6-9323-762A2CCA0F06}
		{3DF5A878-4282-4FF1-8978-083680BEDF72} = {AD9BBA4A-EC15-4EB6-9323-762A2CCA0F06}
		{59C6400F-CFA3-41FD-9CFB-EB71B978C607} = {AD9BBA4A-EC15-4EB6-9323-762A2CCA0F06}
		{08EE2775-6668-4BDF-A3CA-511D65FBA696} = {AD9BBA4A-EC15-4EB6-9323-762A2CCA0F06}
		{DB9B06C6-B68E-49FD-800A-99755347F357} = {AD9BBA4A-EC15-4EB6-9323-762A2CCA0F06}
		{F8C424FB-6D6E-49C4-964D-06F2FA43AB25} = {D9126611-83D6-4181-B4FA-AD1B15845E51}
	EndGlobalSection
	GlobalSection(ExtensibilityGlobals) = postSolution
		SolutionGuid = {63E4C666-BF03-46F4-A99C-C298853EC8CD}
	EndGlobalSection
EndGlobal
