<?xml version="1.0" encoding="utf-8"?>
<Project ToolsVersion="4.0" xmlns="http://schemas.microsoft.com/developer/msbuild/2003">
  <ItemGroup>
    <Filter Include="AssistGUI">
      <UniqueIdentifier>{93995380-89BD-4b04-88EB-625FBE52EBFB}</UniqueIdentifier>
      <Extensions>h;hh;hpp;hxx;hm;inl;inc;ipp;xsd</Extensions>
    </Filter>
    <Filter Include="Libs">
      <UniqueIdentifier>{37107cfd-c7da-42e5-9c10-3fd3fe708c96}</UniqueIdentifier>
    </Filter>
    <Filter Include="Libs\imgui">
      <UniqueIdentifier>{558312ce-90c4-40af-9543-b6ec9930107f}</UniqueIdentifier>
    </Filter>
    <Filter Include="Camera">
      <UniqueIdentifier>{35e6b079-6b8f-4077-a1eb-b11e7e0fe34c}</UniqueIdentifier>
    </Filter>
    <Filter Include="Model">
      <UniqueIdentifier>{8d5aa889-5c82-4598-80d9-7cfd465c568b}</UniqueIdentifier>
    </Filter>
    <Filter Include="Utils">
      <UniqueIdentifier>{22c7ea57-779d-46af-ae93-b52b4f873ce6}</UniqueIdentifier>
    </Filter>
    <Filter Include="Screen">
      <UniqueIdentifier>{6a96844f-1fcb-444e-9631-d175f28159bf}</UniqueIdentifier>
    </Filter>
    <Filter Include="Shader">
      <UniqueIdentifier>{c09cdab7-8132-4e4a-b8e5-6e9253020a78}</UniqueIdentifier>
    </Filter>
  </ItemGroup>
  <ItemGroup>
    <ClInclude Include="AssistGUI.h">
      <Filter>AssistGUI</Filter>
    </ClInclude>
    <ClInclude Include="..\Common\include\imgui\imconfig.h">
      <Filter>Libs\imgui</Filter>
    </ClInclude>
    <ClInclude Include="..\Common\include\imgui\imgui.h">
      <Filter>Libs\imgui</Filter>
    </ClInclude>
    <ClInclude Include="..\Common\include\imgui\examples\imgui_impl_glfw.h">
      <Filter>Libs\imgui</Filter>
    </ClInclude>
    <ClInclude Include="..\Common\include\imgui\examples\imgui_impl_opengl3.h">
      <Filter>Libs\imgui</Filter>
    </ClInclude>
    <ClInclude Include="..\Common\include\imgui\imgui_internal.h">
      <Filter>Libs\imgui</Filter>
    </ClInclude>
    <ClInclude Include="Camera.h">
      <Filter>Camera</Filter>
    </ClInclude>
    <ClInclude Include="Mesh.h">
      <Filter>Model</Filter>
    </ClInclude>
    <ClInclude Include="Model.h">
      <Filter>Model</Filter>
    </ClInclude>
    <ClInclude Include="GLUtils.h">
      <Filter>Utils</Filter>
    </ClInclude>
    <ClInclude Include="Interface.h">
      <Filter>Utils</Filter>
    </ClInclude>
    <ClInclude Include="Common.h">
      <Filter>Utils</Filter>
    </ClInclude>
    <ClInclude Include="OPENGL_KERNEL_EXPORT.h">
      <Filter>Utils</Filter>
    </ClInclude>
    <ClInclude Include="GLScreen.h">
      <Filter>Screen</Filter>
    </ClInclude>
    <ClInclude Include="GLShader.h">
      <Filter>Shader</Filter>
    </ClInclude>
    <ClInclude Include="Shapes.h">
      <Filter>Utils</Filter>
    </ClInclude>
  </ItemGroup>
  <ItemGroup>
    <ClCompile Include="..\Common\include\imgui\imgui.cpp">
      <Filter>Libs\imgui</Filter>
    </ClCompile>
    <ClCompile Include="..\Common\include\imgui\imgui_draw.cpp">
      <Filter>Libs\imgui</Filter>
    </ClCompile>
    <ClCompile Include="..\Common\include\imgui\examples\imgui_impl_glfw.cpp">
      <Filter>Libs\imgui</Filter>
    </ClCompile>
    <ClCompile Include="..\Common\include\imgui\examples\imgui_impl_opengl3.cpp">
      <Filter>Libs\imgui</Filter>
    </ClCompile>
    <ClCompile Include="..\Common\include\imgui\imgui_widgets.cpp">
      <Filter>Libs\imgui</Filter>
    </ClCompile>
    <ClCompile Include="Camera.cpp">
      <Filter>Camera</Filter>
    </ClCompile>
    <ClCompile Include="Mesh.cpp">
      <Filter>Model</Filter>
    </ClCompile>
    <ClCompile Include="Model.cpp">
      <Filter>Model</Filter>
    </ClCompile>
    <ClCompile Include="GLUtils.cpp">
      <Filter>Utils</Filter>
    </ClCompile>
    <ClCompile Include="AssistGUI.cpp">
      <Filter>AssistGUI</Filter>
    </ClCompile>
    <ClCompile Include="Interface.cpp">
      <Filter>Utils</Filter>
    </ClCompile>
    <ClCompile Include="GLScreen.cpp">
      <Filter>Screen</Filter>
    </ClCompile>
    <ClCompile Include="GLShader.cpp">
      <Filter>Shader</Filter>
    </ClCompile>
    <ClCompile Include="Shapes.cpp">
      <Filter>Utils</Filter>
    </ClCompile>
  </ItemGroup>
</Project>